
Microsoft Visual Studio Solution File, Format Version 12.00
# Visual Studio Version 16
VisualStudioVersion = 16.0.29728.190
MinimumVisualStudioVersion = 10.0.40219.1
Project("{FAE04EC0-301F-11D3-BF4B-00C04F79EFBC}") = "HumanResources", "Source\HumanResources.csproj", "{36A3E364-2E2B-401C-9E79-3909DEBE07D0}"
EndProject
Project("{2150E333-8FDC-42A3-9474-1A3956D46DE8}") = "About", "About", "{4A36335D-CF65-4FAC-9C83-B135ECFBE53E}"
	ProjectSection(SolutionItems) = preProject
		About\About.xml = About\About.xml
		About\Manifest.xml = About\Manifest.xml
		About\Preview.png = About\Preview.png
		About\PublishedFileId.txt = About\PublishedFileId.txt
	EndProjectSection
EndProject
Project("{2150E333-8FDC-42A3-9474-1A3956D46DE8}") = "Textures", "Textures", "{6A809623-353B-411E-BDB4-7C4428221C02}"
EndProject
Project("{2150E333-8FDC-42A3-9474-1A3956D46DE8}") = "Things", "Things", "{1DCFBE9B-8D2D-434D-BB7D-D4027C7903DB}"
EndProject
Project("{2150E333-8FDC-42A3-9474-1A3956D46DE8}") = "Building", "Building", "{433382EE-88BC-4265-97D3-BD88C6A45CBC}"
	ProjectSection(SolutionItems) = preProject
		Textures\Things\Building\ManagerStation_east.png = Textures\Things\Building\ManagerStation_east.png
		Textures\Things\Building\ManagerStation_eastm.png = Textures\Things\Building\ManagerStation_eastm.png
		Textures\Things\Building\ManagerStation_front.png = Textures\Things\Building\ManagerStation_front.png
		Textures\Things\Building\ManagerStation_north.png = Textures\Things\Building\ManagerStation_north.png
		Textures\Things\Building\ManagerStation_northm.png = Textures\Things\Building\ManagerStation_northm.png
		Textures\Things\Building\ManagerStation_south.png = Textures\Things\Building\ManagerStation_south.png
		Textures\Things\Building\ManagerStation_southm.png = Textures\Things\Building\ManagerStation_southm.png
		Textures\Things\Building\MrDummy_east.png = Textures\Things\Building\MrDummy_east.png
		Textures\Things\Building\MrDummy_north.png = Textures\Things\Building\MrDummy_north.png
		Textures\Things\Building\MrDummy_south.png = Textures\Things\Building\MrDummy_south.png
		Textures\Things\Building\Target_north.png = Textures\Things\Building\Target_north.png
		Textures\Things\Building\Target_northm.png = Textures\Things\Building\Target_northm.png
	EndProjectSection
EndProject
Project("{2150E333-8FDC-42A3-9474-1A3956D46DE8}") = "Item", "Item", "{C1DD231C-4869-46B9-9BC9-D8EF4B691BC1}"
	ProjectSection(SolutionItems) = preProject
		Textures\Things\Item\book.png = Textures\Things\Item\book.png
		Textures\Things\Item\book_m.png = Textures\Things\Item\book_m.png
	EndProjectSection
EndProject
Project("{2150E333-8FDC-42A3-9474-1A3956D46DE8}") = "News", "News", "{FB43E893-944D-41CA-854B-49B12159459C}"
	ProjectSection(SolutionItems) = preProject
		News\HumanResources_UpdateFeatures.xml = News\HumanResources_UpdateFeatures.xml
		News\Quarantine.png = News\Quarantine.png
		News\ResearchBenches.png = News\ResearchBenches.png
		News\Study+Shelf.png = News\Study+Shelf.png
		News\Target+Dummy.png = News\Target+Dummy.png
		News\TechButton.png = News\TechButton.png
	EndProjectSection
EndProject
Project("{2150E333-8FDC-42A3-9474-1A3956D46DE8}") = "Languages", "Languages", "{E87D8A86-7AAB-4FD0-B884-F1F40CE2A69F}"
EndProject
Project("{2150E333-8FDC-42A3-9474-1A3956D46DE8}") = "ChineseSimplified", "ChineseSimplified", "{246FECC8-A824-4236-88B3-F87AB12D7B10}"
EndProject
Project("{2150E333-8FDC-42A3-9474-1A3956D46DE8}") = "DefInjected", "DefInjected", "{AC727140-96C9-4BB7-86D7-BE749AD46710}"
EndProject
Project("{2150E333-8FDC-42A3-9474-1A3956D46DE8}") = "JobDef", "JobDef", "{BBC31699-E6F7-43BB-9652-E3D35893DE4B}"
	ProjectSection(SolutionItems) = preProject
		Languages\ChineseSimplified\DefInjected\JobDef\Jobs.xml = Languages\ChineseSimplified\DefInjected\JobDef\Jobs.xml
	EndProjectSection
EndProject
Project("{2150E333-8FDC-42A3-9474-1A3956D46DE8}") = "RecipeDef", "RecipeDef", "{F5F15DB6-D726-4AF3-B0FA-4D3697A3C664}"
	ProjectSection(SolutionItems) = preProject
		Languages\ChineseSimplified\DefInjected\RecipeDef\Recipes.xml = Languages\ChineseSimplified\DefInjected\RecipeDef\Recipes.xml
	EndProjectSection
EndProject
Project("{2150E333-8FDC-42A3-9474-1A3956D46DE8}") = "RoomRoleDef", "RoomRoleDef", "{DAD1513E-8A08-4C70-8718-1713C648FDA0}"
	ProjectSection(SolutionItems) = preProject
		Languages\ChineseSimplified\DefInjected\RoomRoleDef\Rooms.xml = Languages\ChineseSimplified\DefInjected\RoomRoleDef\Rooms.xml
	EndProjectSection
EndProject
Project("{2150E333-8FDC-42A3-9474-1A3956D46DE8}") = "ScenPartDef", "ScenPartDef", "{4CC4E0C2-A5C2-44C3-9E52-F3CB98A50342}"
	ProjectSection(SolutionItems) = preProject
		Languages\ChineseSimplified\DefInjected\ScenPartDef\ScenParts.xml = Languages\ChineseSimplified\DefInjected\ScenPartDef\ScenParts.xml
	EndProjectSection
EndProject
Project("{2150E333-8FDC-42A3-9474-1A3956D46DE8}") = "StuffCategoryDef", "StuffCategoryDef", "{EA93083C-863F-41DA-9263-30B1055C3164}"
	ProjectSection(SolutionItems) = preProject
		Languages\ChineseSimplified\DefInjected\StuffCategoryDef\StuffCategories.xml = Languages\ChineseSimplified\DefInjected\StuffCategoryDef\StuffCategories.xml
	EndProjectSection
EndProject
Project("{2150E333-8FDC-42A3-9474-1A3956D46DE8}") = "ThingCategoryDef", "ThingCategoryDef", "{0C278E23-7C59-40D1-853D-B38FF66A48F4}"
	ProjectSection(SolutionItems) = preProject
		Languages\ChineseSimplified\DefInjected\ThingCategoryDef\ThingCategories.xml = Languages\ChineseSimplified\DefInjected\ThingCategoryDef\ThingCategories.xml
	EndProjectSection
EndProject
Project("{2150E333-8FDC-42A3-9474-1A3956D46DE8}") = "ThingDef", "ThingDef", "{48BCE8F5-ED08-48BC-AC90-F5AEB69B27C1}"
	ProjectSection(SolutionItems) = preProject
		Languages\ChineseSimplified\DefInjected\ThingDef\Things.xml = Languages\ChineseSimplified\DefInjected\ThingDef\Things.xml
	EndProjectSection
EndProject
Project("{2150E333-8FDC-42A3-9474-1A3956D46DE8}") = "TraderKindDef", "TraderKindDef", "{81413846-83C6-4588-8A54-B108B98CF1E9}"
	ProjectSection(SolutionItems) = preProject
		Languages\ChineseSimplified\DefInjected\TraderKindDef\TraderKinds.xml = Languages\ChineseSimplified\DefInjected\TraderKindDef\TraderKinds.xml
	EndProjectSection
EndProject
Project("{2150E333-8FDC-42A3-9474-1A3956D46DE8}") = "WorkGiverDef", "WorkGiverDef", "{432D4195-3837-4DB1-BAAA-07B817F36F22}"
	ProjectSection(SolutionItems) = preProject
		Languages\ChineseSimplified\DefInjected\WorkGiverDef\WorkGivers.xml = Languages\ChineseSimplified\DefInjected\WorkGiverDef\WorkGivers.xml
	EndProjectSection
EndProject
Project("{2150E333-8FDC-42A3-9474-1A3956D46DE8}") = "WorkTypeDef", "WorkTypeDef", "{66F6625E-9183-4686-A4BB-486B4D2633A9}"
	ProjectSection(SolutionItems) = preProject
		Languages\ChineseSimplified\DefInjected\WorkTypeDef\WorkTypes.xml = Languages\ChineseSimplified\DefInjected\WorkTypeDef\WorkTypes.xml
	EndProjectSection
EndProject
Project("{2150E333-8FDC-42A3-9474-1A3956D46DE8}") = "Keyed", "Keyed", "{CDE7DC27-C7BF-4A1D-95C6-DE8BBD0BB4A6}"
	ProjectSection(SolutionItems) = preProject
		Languages\ChineseSimplified\Keyed\HumanResources_keys.xml = Languages\ChineseSimplified\Keyed\HumanResources_keys.xml
	EndProjectSection
EndProject
Project("{2150E333-8FDC-42A3-9474-1A3956D46DE8}") = "ChineseTraditional", "ChineseTraditional", "{5A340608-1D30-4356-9760-A8FB349208F9}"
EndProject
Project("{2150E333-8FDC-42A3-9474-1A3956D46DE8}") = "DefInjected", "DefInjected", "{E262CAB6-E2E0-43BD-9547-A1AF665EF9E9}"
EndProject
Project("{2150E333-8FDC-42A3-9474-1A3956D46DE8}") = "JobDef", "JobDef", "{9A96B5D6-CC02-4EEC-859F-E6072A8CE1D9}"
	ProjectSection(SolutionItems) = preProject
		Languages\ChineseTraditional\DefInjected\JobDef\Jobs.xml = Languages\ChineseTraditional\DefInjected\JobDef\Jobs.xml
	EndProjectSection
EndProject
Project("{2150E333-8FDC-42A3-9474-1A3956D46DE8}") = "RecipeDef", "RecipeDef", "{E436DBE6-5A2B-4B0B-A1A0-ED45F9F4363B}"
	ProjectSection(SolutionItems) = preProject
		Languages\ChineseTraditional\DefInjected\RecipeDef\Recipes.xml = Languages\ChineseTraditional\DefInjected\RecipeDef\Recipes.xml
	EndProjectSection
EndProject
Project("{2150E333-8FDC-42A3-9474-1A3956D46DE8}") = "RoomRoleDef", "RoomRoleDef", "{BB014E69-D8B7-40F4-A10B-5F25BEECF895}"
	ProjectSection(SolutionItems) = preProject
		Languages\ChineseTraditional\DefInjected\RoomRoleDef\Rooms.xml = Languages\ChineseTraditional\DefInjected\RoomRoleDef\Rooms.xml
	EndProjectSection
EndProject
Project("{2150E333-8FDC-42A3-9474-1A3956D46DE8}") = "ScenPartDef", "ScenPartDef", "{9A0D947C-340F-4485-B3CC-05EE30D6741A}"
	ProjectSection(SolutionItems) = preProject
		Languages\ChineseTraditional\DefInjected\ScenPartDef\ScenParts.xml = Languages\ChineseTraditional\DefInjected\ScenPartDef\ScenParts.xml
	EndProjectSection
EndProject
Project("{2150E333-8FDC-42A3-9474-1A3956D46DE8}") = "StuffCategoryDef", "StuffCategoryDef", "{50EF2E10-740D-4513-9008-080F472D673F}"
	ProjectSection(SolutionItems) = preProject
		Languages\ChineseTraditional\DefInjected\StuffCategoryDef\StuffCategories.xml = Languages\ChineseTraditional\DefInjected\StuffCategoryDef\StuffCategories.xml
	EndProjectSection
EndProject
Project("{2150E333-8FDC-42A3-9474-1A3956D46DE8}") = "ThingCategoryDef", "ThingCategoryDef", "{FC615063-8791-488F-9CE0-D1E336C6EA74}"
	ProjectSection(SolutionItems) = preProject
		Languages\ChineseTraditional\DefInjected\ThingCategoryDef\ThingCategories.xml = Languages\ChineseTraditional\DefInjected\ThingCategoryDef\ThingCategories.xml
	EndProjectSection
EndProject
Project("{2150E333-8FDC-42A3-9474-1A3956D46DE8}") = "ThingDef", "ThingDef", "{E868F91C-D2DC-4CA6-96E3-B7718A59CBF3}"
	ProjectSection(SolutionItems) = preProject
		Languages\ChineseTraditional\DefInjected\ThingDef\Things.xml = Languages\ChineseTraditional\DefInjected\ThingDef\Things.xml
	EndProjectSection
EndProject
Project("{2150E333-8FDC-42A3-9474-1A3956D46DE8}") = "TraderKindDef", "TraderKindDef", "{E10A5245-21D2-4613-A31A-425512DB14CC}"
	ProjectSection(SolutionItems) = preProject
		Languages\ChineseTraditional\DefInjected\TraderKindDef\TraderKinds.xml = Languages\ChineseTraditional\DefInjected\TraderKindDef\TraderKinds.xml
	EndProjectSection
EndProject
Project("{2150E333-8FDC-42A3-9474-1A3956D46DE8}") = "WorkGiverDef", "WorkGiverDef", "{D4A4CF6A-E863-4719-821E-821968633FAC}"
	ProjectSection(SolutionItems) = preProject
		Languages\ChineseTraditional\DefInjected\WorkGiverDef\WorkGivers.xml = Languages\ChineseTraditional\DefInjected\WorkGiverDef\WorkGivers.xml
	EndProjectSection
EndProject
Project("{2150E333-8FDC-42A3-9474-1A3956D46DE8}") = "WorkTypeDef", "WorkTypeDef", "{3713F463-F087-4451-B566-D9BF0297C52E}"
	ProjectSection(SolutionItems) = preProject
		Languages\ChineseTraditional\DefInjected\WorkTypeDef\WorkTypes.xml = Languages\ChineseTraditional\DefInjected\WorkTypeDef\WorkTypes.xml
	EndProjectSection
EndProject
Project("{2150E333-8FDC-42A3-9474-1A3956D46DE8}") = "Keyed", "Keyed", "{F24C75E8-3607-487F-A78B-D41C1D596794}"
	ProjectSection(SolutionItems) = preProject
		Languages\ChineseTraditional\Keyed\HumanResources_keys.xml = Languages\ChineseTraditional\Keyed\HumanResources_keys.xml
	EndProjectSection
EndProject
Project("{2150E333-8FDC-42A3-9474-1A3956D46DE8}") = "English", "English", "{7619DB9F-9A15-4F29-9D26-A91E595D0CE7}"
EndProject
Project("{2150E333-8FDC-42A3-9474-1A3956D46DE8}") = "Keyed", "Keyed", "{5719A3C2-A72D-4AB0-B2CD-DE4E9E91B14D}"
	ProjectSection(SolutionItems) = preProject
		Languages\English\Keyed\HumanResources_keys.xml = Languages\English\Keyed\HumanResources_keys.xml
	EndProjectSection
EndProject
Project("{2150E333-8FDC-42A3-9474-1A3956D46DE8}") = "French", "French", "{0506FB7E-DDAA-46E8-B6C5-E04F5D718120}"
EndProject
Project("{2150E333-8FDC-42A3-9474-1A3956D46DE8}") = "DefInjected", "DefInjected", "{D912F440-0B6F-4032-9D83-ACB49266C553}"
EndProject
Project("{2150E333-8FDC-42A3-9474-1A3956D46DE8}") = "JobDef", "JobDef", "{56BE352A-9DC6-41C2-BC76-8AC4FCE5CF1F}"
	ProjectSection(SolutionItems) = preProject
		Languages\French\DefInjected\JobDef\Jobs.xml = Languages\French\DefInjected\JobDef\Jobs.xml
	EndProjectSection
EndProject
Project("{2150E333-8FDC-42A3-9474-1A3956D46DE8}") = "RecipeDef", "RecipeDef", "{CF33E4F6-2A04-4273-A59C-42096C30DF36}"
	ProjectSection(SolutionItems) = preProject
		Languages\French\DefInjected\RecipeDef\Recipes.xml = Languages\French\DefInjected\RecipeDef\Recipes.xml
	EndProjectSection
EndProject
Project("{2150E333-8FDC-42A3-9474-1A3956D46DE8}") = "RoomRoleDef", "RoomRoleDef", "{0AE4806C-6F50-4B1D-B272-3E909D3F8BB4}"
	ProjectSection(SolutionItems) = preProject
		Languages\French\DefInjected\RoomRoleDef\Rooms.xml = Languages\French\DefInjected\RoomRoleDef\Rooms.xml
	EndProjectSection
EndProject
Project("{2150E333-8FDC-42A3-9474-1A3956D46DE8}") = "ScenPartDef", "ScenPartDef", "{1F5E2DCA-CCC3-43C1-A049-EF1B7E18C308}"
	ProjectSection(SolutionItems) = preProject
		Languages\French\DefInjected\ScenPartDef\ScenParts.xml = Languages\French\DefInjected\ScenPartDef\ScenParts.xml
	EndProjectSection
EndProject
Project("{2150E333-8FDC-42A3-9474-1A3956D46DE8}") = "StuffCategoryDef", "StuffCategoryDef", "{62088EDA-4CDB-481D-840C-588064F32AB0}"
	ProjectSection(SolutionItems) = preProject
		Languages\French\DefInjected\StuffCategoryDef\StuffCategories.xml = Languages\French\DefInjected\StuffCategoryDef\StuffCategories.xml
	EndProjectSection
EndProject
Project("{2150E333-8FDC-42A3-9474-1A3956D46DE8}") = "ThingCategoryDef", "ThingCategoryDef", "{434D49D9-1E55-4A84-B897-127E05565556}"
	ProjectSection(SolutionItems) = preProject
		Languages\French\DefInjected\ThingCategoryDef\ThingCategories.xml = Languages\French\DefInjected\ThingCategoryDef\ThingCategories.xml
	EndProjectSection
EndProject
Project("{2150E333-8FDC-42A3-9474-1A3956D46DE8}") = "ThingDef", "ThingDef", "{ADE6B6CC-2CE2-42E4-B889-E249700205E0}"
	ProjectSection(SolutionItems) = preProject
		Languages\French\DefInjected\ThingDef\Things.xml = Languages\French\DefInjected\ThingDef\Things.xml
	EndProjectSection
EndProject
Project("{2150E333-8FDC-42A3-9474-1A3956D46DE8}") = "TraderKindDef", "TraderKindDef", "{8CD8B4D9-60B7-4E5D-8450-D8E7E555F61B}"
	ProjectSection(SolutionItems) = preProject
		Languages\French\DefInjected\TraderKindDef\TraderKinds.xml = Languages\French\DefInjected\TraderKindDef\TraderKinds.xml
	EndProjectSection
EndProject
Project("{2150E333-8FDC-42A3-9474-1A3956D46DE8}") = "WorkGiverDef", "WorkGiverDef", "{C20B64FF-F8E7-4BC5-B145-E945A2524FF9}"
	ProjectSection(SolutionItems) = preProject
		Languages\French\DefInjected\WorkGiverDef\WorkGivers.xml = Languages\French\DefInjected\WorkGiverDef\WorkGivers.xml
	EndProjectSection
EndProject
Project("{2150E333-8FDC-42A3-9474-1A3956D46DE8}") = "WorkTypeDef", "WorkTypeDef", "{0E2D30A8-D9EC-47BD-BA5D-621E57E8A774}"
	ProjectSection(SolutionItems) = preProject
		Languages\French\DefInjected\WorkTypeDef\WorkTypes.xml = Languages\French\DefInjected\WorkTypeDef\WorkTypes.xml
	EndProjectSection
EndProject
Project("{2150E333-8FDC-42A3-9474-1A3956D46DE8}") = "Keyed", "Keyed", "{DE323F29-3294-4B5C-B4E3-4EEE689B69D5}"
	ProjectSection(SolutionItems) = preProject
		Languages\French\Keyed\HumanResources_keys.xml = Languages\French\Keyed\HumanResources_keys.xml
	EndProjectSection
EndProject
Project("{2150E333-8FDC-42A3-9474-1A3956D46DE8}") = "Japanese", "Japanese", "{112879D3-8AF4-44EB-B263-714254CAE991}"
EndProject
Project("{2150E333-8FDC-42A3-9474-1A3956D46DE8}") = "DefInjected", "DefInjected", "{4833FC5F-4180-4621-BF8A-E2BF6F02B6BE}"
EndProject
Project("{2150E333-8FDC-42A3-9474-1A3956D46DE8}") = "JobDef", "JobDef", "{141A8DB8-8D6D-4B61-BB22-1919E0DD8F40}"
	ProjectSection(SolutionItems) = preProject
		Languages\Japanese\DefInjected\JobDef\Jobs.xml = Languages\Japanese\DefInjected\JobDef\Jobs.xml
	EndProjectSection
EndProject
Project("{2150E333-8FDC-42A3-9474-1A3956D46DE8}") = "RecipeDef", "RecipeDef", "{FAFC0738-0005-490D-A791-56C118779982}"
	ProjectSection(SolutionItems) = preProject
		Languages\Japanese\DefInjected\RecipeDef\Recipes.xml = Languages\Japanese\DefInjected\RecipeDef\Recipes.xml
	EndProjectSection
EndProject
Project("{2150E333-8FDC-42A3-9474-1A3956D46DE8}") = "RoomRoleDef", "RoomRoleDef", "{0BDE28A1-1BE2-490A-9249-2B13BB74BB7E}"
	ProjectSection(SolutionItems) = preProject
		Languages\Japanese\DefInjected\RoomRoleDef\Rooms.xml = Languages\Japanese\DefInjected\RoomRoleDef\Rooms.xml
	EndProjectSection
EndProject
Project("{2150E333-8FDC-42A3-9474-1A3956D46DE8}") = "ScenPartDef", "ScenPartDef", "{EF91E2B1-9212-4E7A-B699-37E24F32F11B}"
	ProjectSection(SolutionItems) = preProject
		Languages\Japanese\DefInjected\ScenPartDef\ScenParts.xml = Languages\Japanese\DefInjected\ScenPartDef\ScenParts.xml
	EndProjectSection
EndProject
Project("{2150E333-8FDC-42A3-9474-1A3956D46DE8}") = "StuffCategoryDef", "StuffCategoryDef", "{4503A600-BA88-4CE5-A960-D096463CB786}"
	ProjectSection(SolutionItems) = preProject
		Languages\Japanese\DefInjected\StuffCategoryDef\StuffCategories.xml = Languages\Japanese\DefInjected\StuffCategoryDef\StuffCategories.xml
	EndProjectSection
EndProject
Project("{2150E333-8FDC-42A3-9474-1A3956D46DE8}") = "ThingCategoryDef", "ThingCategoryDef", "{1C45FACD-EFE1-449A-8728-253D3C4A3ED4}"
	ProjectSection(SolutionItems) = preProject
		Languages\Japanese\DefInjected\ThingCategoryDef\ThingCategories.xml = Languages\Japanese\DefInjected\ThingCategoryDef\ThingCategories.xml
	EndProjectSection
EndProject
Project("{2150E333-8FDC-42A3-9474-1A3956D46DE8}") = "ThingDef", "ThingDef", "{9690FA5A-127F-4080-A954-403530A56751}"
	ProjectSection(SolutionItems) = preProject
		Languages\Japanese\DefInjected\ThingDef\Things.xml = Languages\Japanese\DefInjected\ThingDef\Things.xml
	EndProjectSection
EndProject
Project("{2150E333-8FDC-42A3-9474-1A3956D46DE8}") = "TraderKindDef", "TraderKindDef", "{237B2D0C-B7C5-4E4C-B5B2-B808558C72C6}"
	ProjectSection(SolutionItems) = preProject
		Languages\Japanese\DefInjected\TraderKindDef\TraderKinds.xml = Languages\Japanese\DefInjected\TraderKindDef\TraderKinds.xml
	EndProjectSection
EndProject
Project("{2150E333-8FDC-42A3-9474-1A3956D46DE8}") = "WorkGiverDef", "WorkGiverDef", "{AF3F91D2-5735-4BAC-BD54-9C54BE2F6987}"
	ProjectSection(SolutionItems) = preProject
		Languages\Japanese\DefInjected\WorkGiverDef\WorkGivers.xml = Languages\Japanese\DefInjected\WorkGiverDef\WorkGivers.xml
	EndProjectSection
EndProject
Project("{2150E333-8FDC-42A3-9474-1A3956D46DE8}") = "WorkTypeDef", "WorkTypeDef", "{6894B084-A014-4C41-8B8C-4FD6A7D25A70}"
	ProjectSection(SolutionItems) = preProject
		Languages\Japanese\DefInjected\WorkTypeDef\WorkTypes.xml = Languages\Japanese\DefInjected\WorkTypeDef\WorkTypes.xml
	EndProjectSection
EndProject
Project("{2150E333-8FDC-42A3-9474-1A3956D46DE8}") = "Keyed", "Keyed", "{509E43E5-6E9A-4679-B4F7-9376CE2F7864}"
	ProjectSection(SolutionItems) = preProject
		Languages\Japanese\Keyed\HumanResources_keys.xml = Languages\Japanese\Keyed\HumanResources_keys.xml
	EndProjectSection
EndProject
Project("{2150E333-8FDC-42A3-9474-1A3956D46DE8}") = "Portuguese", "Portuguese", "{058EC1B5-2DEA-4A21-9542-0C4A0E2CE576}"
EndProject
Project("{2150E333-8FDC-42A3-9474-1A3956D46DE8}") = "DefInjected", "DefInjected", "{9DFC5962-983F-4A83-A1B3-2D86653703EC}"
EndProject
Project("{2150E333-8FDC-42A3-9474-1A3956D46DE8}") = "JobDef", "JobDef", "{8415578E-CA67-4591-AC0C-041E6CAA8A6B}"
	ProjectSection(SolutionItems) = preProject
		Languages\Portuguese\DefInjected\JobDef\TranslateJobs.xml = Languages\Portuguese\DefInjected\JobDef\TranslateJobs.xml
	EndProjectSection
EndProject
Project("{2150E333-8FDC-42A3-9474-1A3956D46DE8}") = "RecipeDef", "RecipeDef", "{15A44DF4-BB2F-4AB7-A2FF-5946ABAB47F9}"
	ProjectSection(SolutionItems) = preProject
		Languages\Portuguese\DefInjected\RecipeDef\TranslateRecipes.xml = Languages\Portuguese\DefInjected\RecipeDef\TranslateRecipes.xml
	EndProjectSection
EndProject
Project("{2150E333-8FDC-42A3-9474-1A3956D46DE8}") = "RoomRoleDef", "RoomRoleDef", "{F7D38277-66F8-41E6-B00F-D78B7B7A2036}"
	ProjectSection(SolutionItems) = preProject
		Languages\Portuguese\DefInjected\RoomRoleDef\TranslateRooms.xml = Languages\Portuguese\DefInjected\RoomRoleDef\TranslateRooms.xml
	EndProjectSection
EndProject
Project("{2150E333-8FDC-42A3-9474-1A3956D46DE8}") = "ScenPartDef", "ScenPartDef", "{A4E4B25D-E4BD-422E-BC41-CD5C97650EEE}"
	ProjectSection(SolutionItems) = preProject
		Languages\Portuguese\DefInjected\ScenPartDef\ScenParts.xml = Languages\Portuguese\DefInjected\ScenPartDef\ScenParts.xml
	EndProjectSection
EndProject
Project("{2150E333-8FDC-42A3-9474-1A3956D46DE8}") = "StuffCategoryDef", "StuffCategoryDef", "{7EBCFE85-691E-4FAA-A883-B3C30C27F21A}"
	ProjectSection(SolutionItems) = preProject
		Languages\Portuguese\DefInjected\StuffCategoryDef\TranslateStuffCategories.xml = Languages\Portuguese\DefInjected\StuffCategoryDef\TranslateStuffCategories.xml
	EndProjectSection
EndProject
Project("{2150E333-8FDC-42A3-9474-1A3956D46DE8}") = "ThingCategoryDef", "ThingCategoryDef", "{31F0A227-5DEC-4ABC-B8C3-357CFFFABB11}"
	ProjectSection(SolutionItems) = preProject
		Languages\Portuguese\DefInjected\ThingCategoryDef\TranslateThingCategories.xml = Languages\Portuguese\DefInjected\ThingCategoryDef\TranslateThingCategories.xml
	EndProjectSection
EndProject
Project("{2150E333-8FDC-42A3-9474-1A3956D46DE8}") = "ThingDef", "ThingDef", "{78A67AE1-EC40-430B-941C-936FEA829D1C}"
	ProjectSection(SolutionItems) = preProject
		Languages\Portuguese\DefInjected\ThingDef\TranslateThings.xml = Languages\Portuguese\DefInjected\ThingDef\TranslateThings.xml
	EndProjectSection
EndProject
Project("{2150E333-8FDC-42A3-9474-1A3956D46DE8}") = "TraderKinds", "TraderKinds", "{196EC4E9-BFA3-43EC-8B35-2D7A07EB8883}"
	ProjectSection(SolutionItems) = preProject
		Languages\Portuguese\DefInjected\TraderKinds\TranslateTraders.xml = Languages\Portuguese\DefInjected\TraderKinds\TranslateTraders.xml
	EndProjectSection
EndProject
Project("{2150E333-8FDC-42A3-9474-1A3956D46DE8}") = "WorkGiverDef", "WorkGiverDef", "{88D5BAD5-0694-46E8-8700-B3B44418E713}"
	ProjectSection(SolutionItems) = preProject
		Languages\Portuguese\DefInjected\WorkGiverDef\TranslateWorkGiver.xml = Languages\Portuguese\DefInjected\WorkGiverDef\TranslateWorkGiver.xml
	EndProjectSection
EndProject
Project("{2150E333-8FDC-42A3-9474-1A3956D46DE8}") = "WorkTypeDef", "WorkTypeDef", "{62BBCF68-9DA5-4F0A-B049-6C8764981BD4}"
	ProjectSection(SolutionItems) = preProject
		Languages\Portuguese\DefInjected\WorkTypeDef\TranslateWorkType.xml = Languages\Portuguese\DefInjected\WorkTypeDef\TranslateWorkType.xml
	EndProjectSection
EndProject
Project("{2150E333-8FDC-42A3-9474-1A3956D46DE8}") = "Keyed", "Keyed", "{21FB5241-E7C5-4AC0-A025-79A5D8B5CE27}"
	ProjectSection(SolutionItems) = preProject
		Languages\Portuguese\Keyed\HumanResources_keys.xml = Languages\Portuguese\Keyed\HumanResources_keys.xml
	EndProjectSection
EndProject
Project("{2150E333-8FDC-42A3-9474-1A3956D46DE8}") = "PortugueseBrazilian", "PortugueseBrazilian", "{4AB01E67-43C6-4B39-9267-4C677FC403FF}"
EndProject
Project("{2150E333-8FDC-42A3-9474-1A3956D46DE8}") = "DefInjected", "DefInjected", "{E0980C4A-92FD-4680-A992-D3E3ABA667DD}"
EndProject
Project("{2150E333-8FDC-42A3-9474-1A3956D46DE8}") = "JobDef", "JobDef", "{51FFB188-8DE1-4AB4-96CF-EC42A4660090}"
	ProjectSection(SolutionItems) = preProject
		Languages\PortugueseBrazilian\DefInjected\JobDef\TranslateJobs.xml = Languages\PortugueseBrazilian\DefInjected\JobDef\TranslateJobs.xml
	EndProjectSection
EndProject
Project("{2150E333-8FDC-42A3-9474-1A3956D46DE8}") = "RecipeDef", "RecipeDef", "{AE20E5A8-E211-40CF-9142-1FCBB5AD34E0}"
	ProjectSection(SolutionItems) = preProject
		Languages\PortugueseBrazilian\DefInjected\RecipeDef\TranslateRecipes.xml = Languages\PortugueseBrazilian\DefInjected\RecipeDef\TranslateRecipes.xml
	EndProjectSection
EndProject
Project("{2150E333-8FDC-42A3-9474-1A3956D46DE8}") = "RoomRoleDef", "RoomRoleDef", "{9593D656-27F1-48E9-B872-891E8D96C639}"
	ProjectSection(SolutionItems) = preProject
		Languages\PortugueseBrazilian\DefInjected\RoomRoleDef\TranslateRooms.xml = Languages\PortugueseBrazilian\DefInjected\RoomRoleDef\TranslateRooms.xml
	EndProjectSection
EndProject
Project("{2150E333-8FDC-42A3-9474-1A3956D46DE8}") = "ScenPartDef", "ScenPartDef", "{7D1D772C-5054-4385-8EBE-CEEABEEBEFC4}"
	ProjectSection(SolutionItems) = preProject
		Languages\PortugueseBrazilian\DefInjected\ScenPartDef\ScenParts.xml = Languages\PortugueseBrazilian\DefInjected\ScenPartDef\ScenParts.xml
	EndProjectSection
EndProject
Project("{2150E333-8FDC-42A3-9474-1A3956D46DE8}") = "StuffCategoryDef", "StuffCategoryDef", "{802486AD-44FE-4080-8300-68C4914807C7}"
	ProjectSection(SolutionItems) = preProject
		Languages\PortugueseBrazilian\DefInjected\StuffCategoryDef\TranslateStuffCategories.xml = Languages\PortugueseBrazilian\DefInjected\StuffCategoryDef\TranslateStuffCategories.xml
	EndProjectSection
EndProject
Project("{2150E333-8FDC-42A3-9474-1A3956D46DE8}") = "ThingCategoryDef", "ThingCategoryDef", "{F49A9DBF-A169-496B-A4F9-44226C3D6735}"
	ProjectSection(SolutionItems) = preProject
		Languages\PortugueseBrazilian\DefInjected\ThingCategoryDef\TranslateThingCategories.xml = Languages\PortugueseBrazilian\DefInjected\ThingCategoryDef\TranslateThingCategories.xml
	EndProjectSection
EndProject
Project("{2150E333-8FDC-42A3-9474-1A3956D46DE8}") = "ThingDef", "ThingDef", "{BC1F16D3-5A44-41A4-829C-57EF62213E90}"
	ProjectSection(SolutionItems) = preProject
		Languages\PortugueseBrazilian\DefInjected\ThingDef\TranslateThings.xml = Languages\PortugueseBrazilian\DefInjected\ThingDef\TranslateThings.xml
	EndProjectSection
EndProject
Project("{2150E333-8FDC-42A3-9474-1A3956D46DE8}") = "TraderKinds", "TraderKinds", "{FC39AB47-372A-4C8C-9655-56D41486C9B7}"
	ProjectSection(SolutionItems) = preProject
		Languages\PortugueseBrazilian\DefInjected\TraderKinds\TranslateTraders.xml = Languages\PortugueseBrazilian\DefInjected\TraderKinds\TranslateTraders.xml
	EndProjectSection
EndProject
Project("{2150E333-8FDC-42A3-9474-1A3956D46DE8}") = "WorkGiverDef", "WorkGiverDef", "{87E44F68-C40A-4171-BE52-4D77791F4798}"
	ProjectSection(SolutionItems) = preProject
		Languages\PortugueseBrazilian\DefInjected\WorkGiverDef\TranslateWorkGiver.xml = Languages\PortugueseBrazilian\DefInjected\WorkGiverDef\TranslateWorkGiver.xml
	EndProjectSection
EndProject
Project("{2150E333-8FDC-42A3-9474-1A3956D46DE8}") = "WorkTypeDef", "WorkTypeDef", "{64FEFA5A-D19A-4A4B-971A-44BB3C88F40B}"
	ProjectSection(SolutionItems) = preProject
		Languages\PortugueseBrazilian\DefInjected\WorkTypeDef\TranslateWorkType.xml = Languages\PortugueseBrazilian\DefInjected\WorkTypeDef\TranslateWorkType.xml
	EndProjectSection
EndProject
Project("{2150E333-8FDC-42A3-9474-1A3956D46DE8}") = "Keyed", "Keyed", "{BD0A6247-4986-4DB2-9D39-B5F284FC3BFB}"
	ProjectSection(SolutionItems) = preProject
		Languages\PortugueseBrazilian\Keyed\HumanResources_keys.xml = Languages\PortugueseBrazilian\Keyed\HumanResources_keys.xml
	EndProjectSection
EndProject
Project("{2150E333-8FDC-42A3-9474-1A3956D46DE8}") = "Russian", "Russian", "{D9C72304-02DC-45C2-BC48-BAD864EA84B9}"
EndProject
Project("{2150E333-8FDC-42A3-9474-1A3956D46DE8}") = "Keyed", "Keyed", "{9F6946F0-2EFE-4895-83F4-601C18536C72}"
	ProjectSection(SolutionItems) = preProject
		Languages\Russian\Keyed\HumanResources_keys.xml = Languages\Russian\Keyed\HumanResources_keys.xml
	EndProjectSection
EndProject
Project("{2150E333-8FDC-42A3-9474-1A3956D46DE8}") = "Defs", "Defs", "{5B913D14-8BD4-40BD-B084-DD9C727DE3A1}"
	ProjectSection(SolutionItems) = preProject
		Defs\Jobs.xml = Defs\Jobs.xml
		Defs\JoyGivers.xml = Defs\JoyGivers.xml
		Defs\Recipes.xml = Defs\Recipes.xml
		Defs\Rooms.xml = Defs\Rooms.xml
		Defs\ScenParts.xml = Defs\ScenParts.xml
		Defs\StuffCategories.xml = Defs\StuffCategories.xml
		Defs\ThingCategories.xml = Defs\ThingCategories.xml
		Defs\Things.xml = Defs\Things.xml
		Defs\Things_WeaponExemptions.xml = Defs\Things_WeaponExemptions.xml
		Defs\TraderKinds.xml = Defs\TraderKinds.xml
		Defs\WorkGivers.xml = Defs\WorkGivers.xml
		Defs\WorkTypes.xml = Defs\WorkTypes.xml
	EndProjectSection
EndProject
Project("{2150E333-8FDC-42A3-9474-1A3956D46DE8}") = "Patches", "Patches", "{DEEA167E-BFFD-45AC-B46D-4BCA28BCB86F}"
	ProjectSection(SolutionItems) = preProject
		Patches\Patches.xml = Patches\Patches.xml
		Patches\Patches_Borderlands.xml = Patches\Patches_Borderlands.xml
		Patches\Patches_ChildrenSchoolAndLearning.xml = Patches\Patches_ChildrenSchoolAndLearning.xml
		Patches\Patches_MedievalPatches.xml = Patches\Patches_MedievalPatches.xml
		Patches\Patches_Pawnmorpher.xml = Patches\Patches_Pawnmorpher.xml
		Patches\Patches_Polarisbloc.xml = Patches\Patches_Polarisbloc.xml
		Patches\Patches_RimmuNation.xml = Patches\Patches_RimmuNation.xml
		Patches\Patches_Rimsenal.xml = Patches\Patches_Rimsenal.xml
		Patches\Patches_Stargate.xml = Patches\Patches_Stargate.xml
		Patches\Patches_VFE-Insectoid.xml = Patches\Patches_VFE-Insectoid.xml
		Patches\Patches_VFE-Settlers.xml = Patches\Patches_VFE-Settlers.xml
		Patches\Patches_VFE-Medieval.xml = Patches\Patches_VFE-Medieval.xml
		Patches\Patches_WeaponTech.xml = Patches\Patches_WeaponTech.xml
		Patches\Patches_ZARS.xml = Patches\Patches_ZARS.xml
	EndProjectSection
EndProject
Global
	GlobalSection(SolutionConfigurationPlatforms) = preSolution
		1.1|Any CPU = 1.1|Any CPU
		Debug|Any CPU = Debug|Any CPU
		Release|Any CPU = Release|Any CPU
	EndGlobalSection
	GlobalSection(ProjectConfigurationPlatforms) = postSolution
		{36A3E364-2E2B-401C-9E79-3909DEBE07D0}.1.1|Any CPU.ActiveCfg = 1.1|Any CPU
		{36A3E364-2E2B-401C-9E79-3909DEBE07D0}.1.1|Any CPU.Build.0 = 1.1|Any CPU
		{36A3E364-2E2B-401C-9E79-3909DEBE07D0}.Debug|Any CPU.ActiveCfg = Debug|Any CPU
		{36A3E364-2E2B-401C-9E79-3909DEBE07D0}.Debug|Any CPU.Build.0 = Debug|Any CPU
		{36A3E364-2E2B-401C-9E79-3909DEBE07D0}.Release|Any CPU.ActiveCfg = Release|Any CPU
		{36A3E364-2E2B-401C-9E79-3909DEBE07D0}.Release|Any CPU.Build.0 = Release|Any CPU
	EndGlobalSection
	GlobalSection(SolutionProperties) = preSolution
		HideSolutionNode = FALSE
	EndGlobalSection
	GlobalSection(NestedProjects) = preSolution
		{1DCFBE9B-8D2D-434D-BB7D-D4027C7903DB} = {6A809623-353B-411E-BDB4-7C4428221C02}
		{433382EE-88BC-4265-97D3-BD88C6A45CBC} = {1DCFBE9B-8D2D-434D-BB7D-D4027C7903DB}
		{C1DD231C-4869-46B9-9BC9-D8EF4B691BC1} = {1DCFBE9B-8D2D-434D-BB7D-D4027C7903DB}
		{246FECC8-A824-4236-88B3-F87AB12D7B10} = {E87D8A86-7AAB-4FD0-B884-F1F40CE2A69F}
		{AC727140-96C9-4BB7-86D7-BE749AD46710} = {246FECC8-A824-4236-88B3-F87AB12D7B10}
		{BBC31699-E6F7-43BB-9652-E3D35893DE4B} = {AC727140-96C9-4BB7-86D7-BE749AD46710}
		{F5F15DB6-D726-4AF3-B0FA-4D3697A3C664} = {AC727140-96C9-4BB7-86D7-BE749AD46710}
		{DAD1513E-8A08-4C70-8718-1713C648FDA0} = {AC727140-96C9-4BB7-86D7-BE749AD46710}
		{4CC4E0C2-A5C2-44C3-9E52-F3CB98A50342} = {AC727140-96C9-4BB7-86D7-BE749AD46710}
		{EA93083C-863F-41DA-9263-30B1055C3164} = {AC727140-96C9-4BB7-86D7-BE749AD46710}
		{0C278E23-7C59-40D1-853D-B38FF66A48F4} = {AC727140-96C9-4BB7-86D7-BE749AD46710}
		{48BCE8F5-ED08-48BC-AC90-F5AEB69B27C1} = {AC727140-96C9-4BB7-86D7-BE749AD46710}
		{81413846-83C6-4588-8A54-B108B98CF1E9} = {AC727140-96C9-4BB7-86D7-BE749AD46710}
		{432D4195-3837-4DB1-BAAA-07B817F36F22} = {AC727140-96C9-4BB7-86D7-BE749AD46710}
		{66F6625E-9183-4686-A4BB-486B4D2633A9} = {AC727140-96C9-4BB7-86D7-BE749AD46710}
		{CDE7DC27-C7BF-4A1D-95C6-DE8BBD0BB4A6} = {246FECC8-A824-4236-88B3-F87AB12D7B10}
		{5A340608-1D30-4356-9760-A8FB349208F9} = {E87D8A86-7AAB-4FD0-B884-F1F40CE2A69F}
		{E262CAB6-E2E0-43BD-9547-A1AF665EF9E9} = {5A340608-1D30-4356-9760-A8FB349208F9}
		{9A96B5D6-CC02-4EEC-859F-E6072A8CE1D9} = {E262CAB6-E2E0-43BD-9547-A1AF665EF9E9}
		{E436DBE6-5A2B-4B0B-A1A0-ED45F9F4363B} = {E262CAB6-E2E0-43BD-9547-A1AF665EF9E9}
		{BB014E69-D8B7-40F4-A10B-5F25BEECF895} = {E262CAB6-E2E0-43BD-9547-A1AF665EF9E9}
		{9A0D947C-340F-4485-B3CC-05EE30D6741A} = {E262CAB6-E2E0-43BD-9547-A1AF665EF9E9}
		{50EF2E10-740D-4513-9008-080F472D673F} = {E262CAB6-E2E0-43BD-9547-A1AF665EF9E9}
		{FC615063-8791-488F-9CE0-D1E336C6EA74} = {E262CAB6-E2E0-43BD-9547-A1AF665EF9E9}
		{E868F91C-D2DC-4CA6-96E3-B7718A59CBF3} = {E262CAB6-E2E0-43BD-9547-A1AF665EF9E9}
		{E10A5245-21D2-4613-A31A-425512DB14CC} = {E262CAB6-E2E0-43BD-9547-A1AF665EF9E9}
		{D4A4CF6A-E863-4719-821E-821968633FAC} = {E262CAB6-E2E0-43BD-9547-A1AF665EF9E9}
		{3713F463-F087-4451-B566-D9BF0297C52E} = {E262CAB6-E2E0-43BD-9547-A1AF665EF9E9}
		{F24C75E8-3607-487F-A78B-D41C1D596794} = {5A340608-1D30-4356-9760-A8FB349208F9}
		{7619DB9F-9A15-4F29-9D26-A91E595D0CE7} = {E87D8A86-7AAB-4FD0-B884-F1F40CE2A69F}
		{5719A3C2-A72D-4AB0-B2CD-DE4E9E91B14D} = {7619DB9F-9A15-4F29-9D26-A91E595D0CE7}
		{0506FB7E-DDAA-46E8-B6C5-E04F5D718120} = {E87D8A86-7AAB-4FD0-B884-F1F40CE2A69F}
		{D912F440-0B6F-4032-9D83-ACB49266C553} = {0506FB7E-DDAA-46E8-B6C5-E04F5D718120}
		{56BE352A-9DC6-41C2-BC76-8AC4FCE5CF1F} = {D912F440-0B6F-4032-9D83-ACB49266C553}
		{CF33E4F6-2A04-4273-A59C-42096C30DF36} = {D912F440-0B6F-4032-9D83-ACB49266C553}
		{0AE4806C-6F50-4B1D-B272-3E909D3F8BB4} = {D912F440-0B6F-4032-9D83-ACB49266C553}
		{1F5E2DCA-CCC3-43C1-A049-EF1B7E18C308} = {D912F440-0B6F-4032-9D83-ACB49266C553}
		{62088EDA-4CDB-481D-840C-588064F32AB0} = {D912F440-0B6F-4032-9D83-ACB49266C553}
		{434D49D9-1E55-4A84-B897-127E05565556} = {D912F440-0B6F-4032-9D83-ACB49266C553}
		{ADE6B6CC-2CE2-42E4-B889-E249700205E0} = {D912F440-0B6F-4032-9D83-ACB49266C553}
		{8CD8B4D9-60B7-4E5D-8450-D8E7E555F61B} = {D912F440-0B6F-4032-9D83-ACB49266C553}
		{C20B64FF-F8E7-4BC5-B145-E945A2524FF9} = {D912F440-0B6F-4032-9D83-ACB49266C553}
		{0E2D30A8-D9EC-47BD-BA5D-621E57E8A774} = {D912F440-0B6F-4032-9D83-ACB49266C553}
		{DE323F29-3294-4B5C-B4E3-4EEE689B69D5} = {0506FB7E-DDAA-46E8-B6C5-E04F5D718120}
		{112879D3-8AF4-44EB-B263-714254CAE991} = {E87D8A86-7AAB-4FD0-B884-F1F40CE2A69F}
		{4833FC5F-4180-4621-BF8A-E2BF6F02B6BE} = {112879D3-8AF4-44EB-B263-714254CAE991}
		{141A8DB8-8D6D-4B61-BB22-1919E0DD8F40} = {4833FC5F-4180-4621-BF8A-E2BF6F02B6BE}
		{FAFC0738-0005-490D-A791-56C118779982} = {4833FC5F-4180-4621-BF8A-E2BF6F02B6BE}
		{0BDE28A1-1BE2-490A-9249-2B13BB74BB7E} = {4833FC5F-4180-4621-BF8A-E2BF6F02B6BE}
		{EF91E2B1-9212-4E7A-B699-37E24F32F11B} = {4833FC5F-4180-4621-BF8A-E2BF6F02B6BE}
		{4503A600-BA88-4CE5-A960-D096463CB786} = {4833FC5F-4180-4621-BF8A-E2BF6F02B6BE}
		{1C45FACD-EFE1-449A-8728-253D3C4A3ED4} = {4833FC5F-4180-4621-BF8A-E2BF6F02B6BE}
		{9690FA5A-127F-4080-A954-403530A56751} = {4833FC5F-4180-4621-BF8A-E2BF6F02B6BE}
		{237B2D0C-B7C5-4E4C-B5B2-B808558C72C6} = {4833FC5F-4180-4621-BF8A-E2BF6F02B6BE}
		{AF3F91D2-5735-4BAC-BD54-9C54BE2F6987} = {4833FC5F-4180-4621-BF8A-E2BF6F02B6BE}
		{6894B084-A014-4C41-8B8C-4FD6A7D25A70} = {4833FC5F-4180-4621-BF8A-E2BF6F02B6BE}
		{509E43E5-6E9A-4679-B4F7-9376CE2F7864} = {112879D3-8AF4-44EB-B263-714254CAE991}
		{058EC1B5-2DEA-4A21-9542-0C4A0E2CE576} = {E87D8A86-7AAB-4FD0-B884-F1F40CE2A69F}
		{9DFC5962-983F-4A83-A1B3-2D86653703EC} = {058EC1B5-2DEA-4A21-9542-0C4A0E2CE576}
		{8415578E-CA67-4591-AC0C-041E6CAA8A6B} = {9DFC5962-983F-4A83-A1B3-2D86653703EC}
		{15A44DF4-BB2F-4AB7-A2FF-5946ABAB47F9} = {9DFC5962-983F-4A83-A1B3-2D86653703EC}
		{F7D38277-66F8-41E6-B00F-D78B7B7A2036} = {9DFC5962-983F-4A83-A1B3-2D86653703EC}
		{A4E4B25D-E4BD-422E-BC41-CD5C97650EEE} = {9DFC5962-983F-4A83-A1B3-2D86653703EC}
		{7EBCFE85-691E-4FAA-A883-B3C30C27F21A} = {9DFC5962-983F-4A83-A1B3-2D86653703EC}
		{31F0A227-5DEC-4ABC-B8C3-357CFFFABB11} = {9DFC5962-983F-4A83-A1B3-2D86653703EC}
		{78A67AE1-EC40-430B-941C-936FEA829D1C} = {9DFC5962-983F-4A83-A1B3-2D86653703EC}
		{196EC4E9-BFA3-43EC-8B35-2D7A07EB8883} = {9DFC5962-983F-4A83-A1B3-2D86653703EC}
		{88D5BAD5-0694-46E8-8700-B3B44418E713} = {9DFC5962-983F-4A83-A1B3-2D86653703EC}
		{62BBCF68-9DA5-4F0A-B049-6C8764981BD4} = {9DFC5962-983F-4A83-A1B3-2D86653703EC}
		{21FB5241-E7C5-4AC0-A025-79A5D8B5CE27} = {058EC1B5-2DEA-4A21-9542-0C4A0E2CE576}
		{4AB01E67-43C6-4B39-9267-4C677FC403FF} = {E87D8A86-7AAB-4FD0-B884-F1F40CE2A69F}
		{E0980C4A-92FD-4680-A992-D3E3ABA667DD} = {4AB01E67-43C6-4B39-9267-4C677FC403FF}
		{51FFB188-8DE1-4AB4-96CF-EC42A4660090} = {E0980C4A-92FD-4680-A992-D3E3ABA667DD}
		{AE20E5A8-E211-40CF-9142-1FCBB5AD34E0} = {E0980C4A-92FD-4680-A992-D3E3ABA667DD}
		{9593D656-27F1-48E9-B872-891E8D96C639} = {E0980C4A-92FD-4680-A992-D3E3ABA667DD}
		{7D1D772C-5054-4385-8EBE-CEEABEEBEFC4} = {E0980C4A-92FD-4680-A992-D3E3ABA667DD}
		{802486AD-44FE-4080-8300-68C4914807C7} = {E0980C4A-92FD-4680-A992-D3E3ABA667DD}
		{F49A9DBF-A169-496B-A4F9-44226C3D6735} = {E0980C4A-92FD-4680-A992-D3E3ABA667DD}
		{BC1F16D3-5A44-41A4-829C-57EF62213E90} = {E0980C4A-92FD-4680-A992-D3E3ABA667DD}
		{FC39AB47-372A-4C8C-9655-56D41486C9B7} = {E0980C4A-92FD-4680-A992-D3E3ABA667DD}
		{87E44F68-C40A-4171-BE52-4D77791F4798} = {E0980C4A-92FD-4680-A992-D3E3ABA667DD}
		{64FEFA5A-D19A-4A4B-971A-44BB3C88F40B} = {E0980C4A-92FD-4680-A992-D3E3ABA667DD}
		{BD0A6247-4986-4DB2-9D39-B5F284FC3BFB} = {4AB01E67-43C6-4B39-9267-4C677FC403FF}
		{D9C72304-02DC-45C2-BC48-BAD864EA84B9} = {E87D8A86-7AAB-4FD0-B884-F1F40CE2A69F}
		{9F6946F0-2EFE-4895-83F4-601C18536C72} = {D9C72304-02DC-45C2-BC48-BAD864EA84B9}
	EndGlobalSection
	GlobalSection(ExtensibilityGlobals) = postSolution
		SolutionGuid = {81CBABA7-BFEC-4F9E-B35A-9167491DE3DA}
	EndGlobalSection
EndGlobal
