
Microsoft Visual Studio Solution File, Format Version 12.00
# Visual Studio Version 16
VisualStudioVersion = 16.0.29728.190
MinimumVisualStudioVersion = 10.0.40219.1
Project("{FAE04EC0-301F-11D3-BF4B-00C04F79EFBC}") = "HumanResources", "Source\HumanResources.csproj", "{36A3E364-2E2B-401C-9E79-3909DEBE07D0}"
EndProject
Project("{2150E333-8FDC-42A3-9474-1A3956D46DE8}") = "About", "About", "{4A36335D-CF65-4FAC-9C83-B135ECFBE53E}"
	ProjectSection(SolutionItems) = preProject
		About\About.xml = About\About.xml
		About\Preview.png = About\Preview.png
		About\PublishedFileId.txt = About\PublishedFileId.txt
	EndProjectSection
EndProject
Project("{2150E333-8FDC-42A3-9474-1A3956D46DE8}") = "News", "News", "{FB43E893-944D-41CA-854B-49B12159459C}"
	ProjectSection(SolutionItems) = preProject
		News\HumanResources_UpdateFeatures.xml = News\HumanResources_UpdateFeatures.xml
		News\Quarantine.png = News\Quarantine.png
		News\ResearchBenches.png = News\ResearchBenches.png
		News\Study+Shelf.png = News\Study+Shelf.png
		News\Target+Dummy.png = News\Target+Dummy.png
		News\TechButton.png = News\TechButton.png
	EndProjectSection
EndProject
Project("{2150E333-8FDC-42A3-9474-1A3956D46DE8}") = "Languages", "Languages", "{85441F37-161D-46B6-9A2D-7950A3262593}"
EndProject
Project("{2150E333-8FDC-42A3-9474-1A3956D46DE8}") = "ChineseSimplified", "ChineseSimplified", "{E3F5BEEB-213E-46D8-9C6A-5B75D2C132CD}"
EndProject
Project("{2150E333-8FDC-42A3-9474-1A3956D46DE8}") = "DefInjected", "DefInjected", "{669EDEB4-B3B8-43C0-B4B2-14BE51FE89AF}"
EndProject
Project("{2150E333-8FDC-42A3-9474-1A3956D46DE8}") = "JobDef", "JobDef", "{0548AFF0-ED44-48E8-BDF1-F58519193A15}"
	ProjectSection(SolutionItems) = preProject
		Languages\ChineseSimplified\DefInjected\JobDef\Jobs.xml = Languages\ChineseSimplified\DefInjected\JobDef\Jobs.xml
	EndProjectSection
EndProject
Project("{2150E333-8FDC-42A3-9474-1A3956D46DE8}") = "RecipeDef", "RecipeDef", "{DEA4C187-BC93-48C2-A36B-8E2AF1BFCDD3}"
	ProjectSection(SolutionItems) = preProject
		Languages\ChineseSimplified\DefInjected\RecipeDef\Recipes.xml = Languages\ChineseSimplified\DefInjected\RecipeDef\Recipes.xml
	EndProjectSection
EndProject
Project("{2150E333-8FDC-42A3-9474-1A3956D46DE8}") = "RoomRoleDef", "RoomRoleDef", "{A82351DC-FC97-4D88-8360-66FFB72F7657}"
	ProjectSection(SolutionItems) = preProject
		Languages\ChineseSimplified\DefInjected\RoomRoleDef\Rooms.xml = Languages\ChineseSimplified\DefInjected\RoomRoleDef\Rooms.xml
	EndProjectSection
EndProject
Project("{2150E333-8FDC-42A3-9474-1A3956D46DE8}") = "ScenPartDef", "ScenPartDef", "{BE68889A-B24E-40C8-8721-86A6703A8870}"
	ProjectSection(SolutionItems) = preProject
		Languages\ChineseSimplified\DefInjected\ScenPartDef\ScenParts.xml = Languages\ChineseSimplified\DefInjected\ScenPartDef\ScenParts.xml
	EndProjectSection
EndProject
Project("{2150E333-8FDC-42A3-9474-1A3956D46DE8}") = "StuffCategoryDef", "StuffCategoryDef", "{39786075-4C32-4F06-B1FA-54F075BB0D1B}"
	ProjectSection(SolutionItems) = preProject
		Languages\ChineseSimplified\DefInjected\StuffCategoryDef\StuffCategories.xml = Languages\ChineseSimplified\DefInjected\StuffCategoryDef\StuffCategories.xml
	EndProjectSection
EndProject
Project("{2150E333-8FDC-42A3-9474-1A3956D46DE8}") = "ThingCategoryDef", "ThingCategoryDef", "{84BEB25C-C21C-4403-BE09-93C9112363A9}"
	ProjectSection(SolutionItems) = preProject
		Languages\ChineseSimplified\DefInjected\ThingCategoryDef\ThingCategories.xml = Languages\ChineseSimplified\DefInjected\ThingCategoryDef\ThingCategories.xml
	EndProjectSection
EndProject
Project("{2150E333-8FDC-42A3-9474-1A3956D46DE8}") = "ThingDef", "ThingDef", "{9F0E036E-B15F-4769-B1F8-A6561442BF5D}"
	ProjectSection(SolutionItems) = preProject
		Languages\ChineseSimplified\DefInjected\ThingDef\Things.xml = Languages\ChineseSimplified\DefInjected\ThingDef\Things.xml
	EndProjectSection
EndProject
Project("{2150E333-8FDC-42A3-9474-1A3956D46DE8}") = "TraderKindDef", "TraderKindDef", "{EC855132-748D-4F72-9FA0-A5296E35C801}"
	ProjectSection(SolutionItems) = preProject
		Languages\ChineseSimplified\DefInjected\TraderKindDef\TraderKinds.xml = Languages\ChineseSimplified\DefInjected\TraderKindDef\TraderKinds.xml
	EndProjectSection
EndProject
Project("{2150E333-8FDC-42A3-9474-1A3956D46DE8}") = "WorkGiverDef", "WorkGiverDef", "{43CF2F94-4B9B-4AB9-8FF1-1BA8F4269C8C}"
	ProjectSection(SolutionItems) = preProject
		Languages\ChineseSimplified\DefInjected\WorkGiverDef\WorkGivers.xml = Languages\ChineseSimplified\DefInjected\WorkGiverDef\WorkGivers.xml
	EndProjectSection
EndProject
Project("{2150E333-8FDC-42A3-9474-1A3956D46DE8}") = "WorkTypeDef", "WorkTypeDef", "{C6F6A9B1-F4B3-4BA8-A4A5-5ECADA7D196D}"
	ProjectSection(SolutionItems) = preProject
		Languages\ChineseSimplified\DefInjected\WorkTypeDef\WorkTypes.xml = Languages\ChineseSimplified\DefInjected\WorkTypeDef\WorkTypes.xml
	EndProjectSection
EndProject
Project("{2150E333-8FDC-42A3-9474-1A3956D46DE8}") = "Keyed", "Keyed", "{672AEC2E-618D-4782-A4F5-FC6D0E3C3879}"
	ProjectSection(SolutionItems) = preProject
		Languages\ChineseSimplified\Keyed\HumanResources_keys.xml = Languages\ChineseSimplified\Keyed\HumanResources_keys.xml
	EndProjectSection
EndProject
Project("{2150E333-8FDC-42A3-9474-1A3956D46DE8}") = "ChineseTraditional", "ChineseTraditional", "{6AC278D7-9A6A-4C92-A109-D0FEA84A0FF8}"
EndProject
Project("{2150E333-8FDC-42A3-9474-1A3956D46DE8}") = "DefInjected", "DefInjected", "{1CEFE7FE-57D8-40CB-BF81-F0F9E988144B}"
EndProject
Project("{2150E333-8FDC-42A3-9474-1A3956D46DE8}") = "JobDef", "JobDef", "{BB4361C9-C401-44DC-9D5A-7285E8B669B8}"
	ProjectSection(SolutionItems) = preProject
		Languages\ChineseTraditional\DefInjected\JobDef\Jobs.xml = Languages\ChineseTraditional\DefInjected\JobDef\Jobs.xml
	EndProjectSection
EndProject
Project("{2150E333-8FDC-42A3-9474-1A3956D46DE8}") = "RecipeDef", "RecipeDef", "{625B3A07-503D-4741-A2F1-D0CC971BCEF1}"
	ProjectSection(SolutionItems) = preProject
		Languages\ChineseTraditional\DefInjected\RecipeDef\Recipes.xml = Languages\ChineseTraditional\DefInjected\RecipeDef\Recipes.xml
	EndProjectSection
EndProject
Project("{2150E333-8FDC-42A3-9474-1A3956D46DE8}") = "RoomRoleDef", "RoomRoleDef", "{75769B23-EF77-4B01-80E0-572580DE9253}"
	ProjectSection(SolutionItems) = preProject
		Languages\ChineseTraditional\DefInjected\RoomRoleDef\Rooms.xml = Languages\ChineseTraditional\DefInjected\RoomRoleDef\Rooms.xml
	EndProjectSection
EndProject
Project("{2150E333-8FDC-42A3-9474-1A3956D46DE8}") = "ScenPartDef", "ScenPartDef", "{73F4C19F-8E3E-4D89-883A-3EBCBD63F212}"
	ProjectSection(SolutionItems) = preProject
		Languages\ChineseTraditional\DefInjected\ScenPartDef\ScenParts.xml = Languages\ChineseTraditional\DefInjected\ScenPartDef\ScenParts.xml
	EndProjectSection
EndProject
Project("{2150E333-8FDC-42A3-9474-1A3956D46DE8}") = "StuffCategoryDef", "StuffCategoryDef", "{469F9C15-52FF-4C41-AAC2-3EBA1A0FA72F}"
	ProjectSection(SolutionItems) = preProject
		Languages\ChineseTraditional\DefInjected\StuffCategoryDef\StuffCategories.xml = Languages\ChineseTraditional\DefInjected\StuffCategoryDef\StuffCategories.xml
	EndProjectSection
EndProject
Project("{2150E333-8FDC-42A3-9474-1A3956D46DE8}") = "ThingCategoryDef", "ThingCategoryDef", "{8D4A4583-4788-474C-929E-E9AEAC849315}"
	ProjectSection(SolutionItems) = preProject
		Languages\ChineseTraditional\DefInjected\ThingCategoryDef\ThingCategories.xml = Languages\ChineseTraditional\DefInjected\ThingCategoryDef\ThingCategories.xml
	EndProjectSection
EndProject
Project("{2150E333-8FDC-42A3-9474-1A3956D46DE8}") = "ThingDef", "ThingDef", "{00E9B254-C01A-46C7-A101-6D53B5C6E48B}"
	ProjectSection(SolutionItems) = preProject
		Languages\ChineseTraditional\DefInjected\ThingDef\Things.xml = Languages\ChineseTraditional\DefInjected\ThingDef\Things.xml
	EndProjectSection
EndProject
Project("{2150E333-8FDC-42A3-9474-1A3956D46DE8}") = "TraderKindDef", "TraderKindDef", "{D69B069F-6340-4461-B584-01F21CB0A11D}"
	ProjectSection(SolutionItems) = preProject
		Languages\ChineseTraditional\DefInjected\TraderKindDef\TraderKinds.xml = Languages\ChineseTraditional\DefInjected\TraderKindDef\TraderKinds.xml
	EndProjectSection
EndProject
Project("{2150E333-8FDC-42A3-9474-1A3956D46DE8}") = "WorkGiverDef", "WorkGiverDef", "{CCE9C63B-F72F-4D9D-80F4-378090E3A8FE}"
	ProjectSection(SolutionItems) = preProject
		Languages\ChineseTraditional\DefInjected\WorkGiverDef\WorkGivers.xml = Languages\ChineseTraditional\DefInjected\WorkGiverDef\WorkGivers.xml
	EndProjectSection
EndProject
Project("{2150E333-8FDC-42A3-9474-1A3956D46DE8}") = "WorkTypeDef", "WorkTypeDef", "{1EA80F21-6679-44BD-B9A9-BDEBD42BCA4C}"
	ProjectSection(SolutionItems) = preProject
		Languages\ChineseTraditional\DefInjected\WorkTypeDef\WorkTypes.xml = Languages\ChineseTraditional\DefInjected\WorkTypeDef\WorkTypes.xml
	EndProjectSection
EndProject
Project("{2150E333-8FDC-42A3-9474-1A3956D46DE8}") = "Keyed", "Keyed", "{3BD4EFAB-5DA3-4A32-A6CD-DC24E9F99F8F}"
	ProjectSection(SolutionItems) = preProject
		Languages\ChineseTraditional\Keyed\HumanResources_keys.xml = Languages\ChineseTraditional\Keyed\HumanResources_keys.xml
	EndProjectSection
EndProject
Project("{2150E333-8FDC-42A3-9474-1A3956D46DE8}") = "English", "English", "{ED1BF476-A7E9-4BE4-8AC1-566B4008DE33}"
EndProject
Project("{2150E333-8FDC-42A3-9474-1A3956D46DE8}") = "Keyed", "Keyed", "{A4141D98-0F8F-49BA-914F-2E407E024784}"
	ProjectSection(SolutionItems) = preProject
		Languages\English\Keyed\HumanResources_keys.xml = Languages\English\Keyed\HumanResources_keys.xml
	EndProjectSection
EndProject
Project("{2150E333-8FDC-42A3-9474-1A3956D46DE8}") = "French", "French", "{72A36C39-A441-4F15-BACE-EB8228F29221}"
EndProject
Project("{2150E333-8FDC-42A3-9474-1A3956D46DE8}") = "DefInjected", "DefInjected", "{96F93E09-4574-44BB-B3BB-3A5159B7F8FB}"
EndProject
Project("{2150E333-8FDC-42A3-9474-1A3956D46DE8}") = "JobDef", "JobDef", "{2A35B111-89B7-4EF1-AFAC-77E94639AD33}"
	ProjectSection(SolutionItems) = preProject
		Languages\French\DefInjected\JobDef\Jobs.xml = Languages\French\DefInjected\JobDef\Jobs.xml
	EndProjectSection
EndProject
Project("{2150E333-8FDC-42A3-9474-1A3956D46DE8}") = "RecipeDef", "RecipeDef", "{AF3C21E1-C785-4ECE-B195-23925C12E617}"
	ProjectSection(SolutionItems) = preProject
		Languages\French\DefInjected\RecipeDef\Recipes.xml = Languages\French\DefInjected\RecipeDef\Recipes.xml
	EndProjectSection
EndProject
Project("{2150E333-8FDC-42A3-9474-1A3956D46DE8}") = "RoomRoleDef", "RoomRoleDef", "{7208B661-21C4-4913-8F64-254226E27420}"
	ProjectSection(SolutionItems) = preProject
		Languages\French\DefInjected\RoomRoleDef\Rooms.xml = Languages\French\DefInjected\RoomRoleDef\Rooms.xml
	EndProjectSection
EndProject
Project("{2150E333-8FDC-42A3-9474-1A3956D46DE8}") = "ScenPartDef", "ScenPartDef", "{9A3F8E99-9D32-4EE5-AFE8-42AC62837D38}"
	ProjectSection(SolutionItems) = preProject
		Languages\French\DefInjected\ScenPartDef\ScenParts.xml = Languages\French\DefInjected\ScenPartDef\ScenParts.xml
	EndProjectSection
EndProject
Project("{2150E333-8FDC-42A3-9474-1A3956D46DE8}") = "StuffCategoryDef", "StuffCategoryDef", "{8E1EE241-4997-4FBF-86DB-C6BFACA619B7}"
	ProjectSection(SolutionItems) = preProject
		Languages\French\DefInjected\StuffCategoryDef\StuffCategories.xml = Languages\French\DefInjected\StuffCategoryDef\StuffCategories.xml
	EndProjectSection
EndProject
Project("{2150E333-8FDC-42A3-9474-1A3956D46DE8}") = "ThingCategoryDef", "ThingCategoryDef", "{D808FD04-C34D-4559-8EDB-F39F081BA747}"
	ProjectSection(SolutionItems) = preProject
		Languages\French\DefInjected\ThingCategoryDef\ThingCategories.xml = Languages\French\DefInjected\ThingCategoryDef\ThingCategories.xml
	EndProjectSection
EndProject
Project("{2150E333-8FDC-42A3-9474-1A3956D46DE8}") = "ThingDef", "ThingDef", "{6AFD6A21-1184-4FD2-BB9B-EF3C1B464169}"
	ProjectSection(SolutionItems) = preProject
		Languages\French\DefInjected\ThingDef\Things.xml = Languages\French\DefInjected\ThingDef\Things.xml
	EndProjectSection
EndProject
Project("{2150E333-8FDC-42A3-9474-1A3956D46DE8}") = "TraderKindDef", "TraderKindDef", "{0F12CFA3-A8FE-4BF1-8BB7-A95F98F3E9E5}"
	ProjectSection(SolutionItems) = preProject
		Languages\French\DefInjected\TraderKindDef\TraderKinds.xml = Languages\French\DefInjected\TraderKindDef\TraderKinds.xml
	EndProjectSection
EndProject
Project("{2150E333-8FDC-42A3-9474-1A3956D46DE8}") = "WorkGiverDef", "WorkGiverDef", "{ADF21472-4883-4B6E-9532-A211371366E3}"
	ProjectSection(SolutionItems) = preProject
		Languages\French\DefInjected\WorkGiverDef\WorkGivers.xml = Languages\French\DefInjected\WorkGiverDef\WorkGivers.xml
	EndProjectSection
EndProject
Project("{2150E333-8FDC-42A3-9474-1A3956D46DE8}") = "WorkTypeDef", "WorkTypeDef", "{33D13502-F14C-4A63-9184-2A1D4406FD23}"
	ProjectSection(SolutionItems) = preProject
		Languages\French\DefInjected\WorkTypeDef\WorkTypes.xml = Languages\French\DefInjected\WorkTypeDef\WorkTypes.xml
	EndProjectSection
EndProject
Project("{2150E333-8FDC-42A3-9474-1A3956D46DE8}") = "Keyed", "Keyed", "{DED185AE-666F-4E39-94BA-04649493A3BA}"
	ProjectSection(SolutionItems) = preProject
		Languages\French\Keyed\HumanResources_keys.xml = Languages\French\Keyed\HumanResources_keys.xml
	EndProjectSection
EndProject
Project("{2150E333-8FDC-42A3-9474-1A3956D46DE8}") = "Japanese", "Japanese", "{130F0E48-DFA5-460D-A380-68FE9148F03F}"
EndProject
Project("{2150E333-8FDC-42A3-9474-1A3956D46DE8}") = "DefInjected", "DefInjected", "{235C99BB-8F8D-4D74-9723-3E0C5E880321}"
EndProject
Project("{2150E333-8FDC-42A3-9474-1A3956D46DE8}") = "JobDef", "JobDef", "{559FED38-FE06-4001-A96F-4EA31FE0D4F9}"
	ProjectSection(SolutionItems) = preProject
		Languages\Japanese\DefInjected\JobDef\Jobs.xml = Languages\Japanese\DefInjected\JobDef\Jobs.xml
	EndProjectSection
EndProject
Project("{2150E333-8FDC-42A3-9474-1A3956D46DE8}") = "RecipeDef", "RecipeDef", "{29BEB930-3422-4632-B263-0570AD63D5A4}"
	ProjectSection(SolutionItems) = preProject
		Languages\Japanese\DefInjected\RecipeDef\Recipes.xml = Languages\Japanese\DefInjected\RecipeDef\Recipes.xml
	EndProjectSection
EndProject
Project("{2150E333-8FDC-42A3-9474-1A3956D46DE8}") = "RoomRoleDef", "RoomRoleDef", "{6B351106-A347-423C-9FBF-2CE802D97323}"
	ProjectSection(SolutionItems) = preProject
		Languages\Japanese\DefInjected\RoomRoleDef\Rooms.xml = Languages\Japanese\DefInjected\RoomRoleDef\Rooms.xml
	EndProjectSection
EndProject
Project("{2150E333-8FDC-42A3-9474-1A3956D46DE8}") = "ScenPartDef", "ScenPartDef", "{2EEB511D-6DEB-460D-A827-8342CCCB016F}"
	ProjectSection(SolutionItems) = preProject
		Languages\Japanese\DefInjected\ScenPartDef\ScenParts.xml = Languages\Japanese\DefInjected\ScenPartDef\ScenParts.xml
	EndProjectSection
EndProject
Project("{2150E333-8FDC-42A3-9474-1A3956D46DE8}") = "StuffCategoryDef", "StuffCategoryDef", "{29E2E9F2-76DD-4042-A736-09848B067BEA}"
	ProjectSection(SolutionItems) = preProject
		Languages\Japanese\DefInjected\StuffCategoryDef\StuffCategories.xml = Languages\Japanese\DefInjected\StuffCategoryDef\StuffCategories.xml
	EndProjectSection
EndProject
Project("{2150E333-8FDC-42A3-9474-1A3956D46DE8}") = "ThingCategoryDef", "ThingCategoryDef", "{D4C0D64A-319A-4EC2-9EBD-A398CA8CA70C}"
	ProjectSection(SolutionItems) = preProject
		Languages\Japanese\DefInjected\ThingCategoryDef\ThingCategories.xml = Languages\Japanese\DefInjected\ThingCategoryDef\ThingCategories.xml
	EndProjectSection
EndProject
Project("{2150E333-8FDC-42A3-9474-1A3956D46DE8}") = "ThingDef", "ThingDef", "{6356B680-D0DA-4107-97BB-50A3C6772781}"
	ProjectSection(SolutionItems) = preProject
		Languages\Japanese\DefInjected\ThingDef\Things.xml = Languages\Japanese\DefInjected\ThingDef\Things.xml
	EndProjectSection
EndProject
Project("{2150E333-8FDC-42A3-9474-1A3956D46DE8}") = "TraderKindDef", "TraderKindDef", "{C03349D3-C275-4397-A272-D361B7ECA473}"
	ProjectSection(SolutionItems) = preProject
		Languages\Japanese\DefInjected\TraderKindDef\TraderKinds.xml = Languages\Japanese\DefInjected\TraderKindDef\TraderKinds.xml
	EndProjectSection
EndProject
Project("{2150E333-8FDC-42A3-9474-1A3956D46DE8}") = "WorkGiverDef", "WorkGiverDef", "{743CDB72-5755-40C2-9B6D-5A021B498CEC}"
	ProjectSection(SolutionItems) = preProject
		Languages\Japanese\DefInjected\WorkGiverDef\WorkGivers.xml = Languages\Japanese\DefInjected\WorkGiverDef\WorkGivers.xml
	EndProjectSection
EndProject
Project("{2150E333-8FDC-42A3-9474-1A3956D46DE8}") = "WorkTypeDef", "WorkTypeDef", "{CD7F23A4-ACB5-42F2-9F97-CB4895041BDF}"
	ProjectSection(SolutionItems) = preProject
		Languages\Japanese\DefInjected\WorkTypeDef\WorkTypes.xml = Languages\Japanese\DefInjected\WorkTypeDef\WorkTypes.xml
	EndProjectSection
EndProject
Project("{2150E333-8FDC-42A3-9474-1A3956D46DE8}") = "Keyed", "Keyed", "{60E5C96B-3579-4786-8368-F2558EEF358C}"
	ProjectSection(SolutionItems) = preProject
		Languages\Japanese\Keyed\HumanResources_keys.xml = Languages\Japanese\Keyed\HumanResources_keys.xml
	EndProjectSection
EndProject
Project("{2150E333-8FDC-42A3-9474-1A3956D46DE8}") = "Portuguese", "Portuguese", "{00266377-FFBA-4296-AE76-67B1055394A0}"
EndProject
Project("{2150E333-8FDC-42A3-9474-1A3956D46DE8}") = "DefInjected", "DefInjected", "{F3A2B17B-3B9C-4ADC-9A65-0BCAD73C0CC6}"
EndProject
Project("{2150E333-8FDC-42A3-9474-1A3956D46DE8}") = "JobDef", "JobDef", "{7B7DBEBE-EC26-47B2-A1A9-E5DF1CF053DD}"
	ProjectSection(SolutionItems) = preProject
		Languages\Portuguese\DefInjected\JobDef\TranslateJobs.xml = Languages\Portuguese\DefInjected\JobDef\TranslateJobs.xml
	EndProjectSection
EndProject
Project("{2150E333-8FDC-42A3-9474-1A3956D46DE8}") = "RecipeDef", "RecipeDef", "{86A75BBF-7487-4F8A-B761-08C03D739BC4}"
	ProjectSection(SolutionItems) = preProject
		Languages\Portuguese\DefInjected\RecipeDef\TranslateRecipes.xml = Languages\Portuguese\DefInjected\RecipeDef\TranslateRecipes.xml
	EndProjectSection
EndProject
Project("{2150E333-8FDC-42A3-9474-1A3956D46DE8}") = "RoomRoleDef", "RoomRoleDef", "{3DB96743-2A5F-4CA9-A480-1EFCD48E68DD}"
	ProjectSection(SolutionItems) = preProject
		Languages\Portuguese\DefInjected\RoomRoleDef\TranslateRooms.xml = Languages\Portuguese\DefInjected\RoomRoleDef\TranslateRooms.xml
	EndProjectSection
EndProject
Project("{2150E333-8FDC-42A3-9474-1A3956D46DE8}") = "ScenPartDef", "ScenPartDef", "{27585154-9BEE-44DE-95B3-5981BF34D045}"
	ProjectSection(SolutionItems) = preProject
		Languages\Portuguese\DefInjected\ScenPartDef\ScenParts.xml = Languages\Portuguese\DefInjected\ScenPartDef\ScenParts.xml
	EndProjectSection
EndProject
Project("{2150E333-8FDC-42A3-9474-1A3956D46DE8}") = "StuffCategoryDef", "StuffCategoryDef", "{6C7AA194-DB89-43DF-8273-A56817FF13D4}"
	ProjectSection(SolutionItems) = preProject
		Languages\Portuguese\DefInjected\StuffCategoryDef\TranslateStuffCategories.xml = Languages\Portuguese\DefInjected\StuffCategoryDef\TranslateStuffCategories.xml
	EndProjectSection
EndProject
Project("{2150E333-8FDC-42A3-9474-1A3956D46DE8}") = "ThingCategoryDef", "ThingCategoryDef", "{4308ED24-06F7-459C-BA29-81017D4602D1}"
	ProjectSection(SolutionItems) = preProject
		Languages\Portuguese\DefInjected\ThingCategoryDef\TranslateThingCategories.xml = Languages\Portuguese\DefInjected\ThingCategoryDef\TranslateThingCategories.xml
	EndProjectSection
EndProject
Project("{2150E333-8FDC-42A3-9474-1A3956D46DE8}") = "ThingDef", "ThingDef", "{FF7856A1-9367-45BA-819D-9DEDFFFD742D}"
	ProjectSection(SolutionItems) = preProject
		Languages\Portuguese\DefInjected\ThingDef\TranslateThings.xml = Languages\Portuguese\DefInjected\ThingDef\TranslateThings.xml
	EndProjectSection
EndProject
Project("{2150E333-8FDC-42A3-9474-1A3956D46DE8}") = "TraderKinds", "TraderKinds", "{B11E8C4C-1D59-4019-A529-952D7FD8A6FB}"
	ProjectSection(SolutionItems) = preProject
		Languages\Portuguese\DefInjected\TraderKinds\TranslateTraders.xml = Languages\Portuguese\DefInjected\TraderKinds\TranslateTraders.xml
	EndProjectSection
EndProject
Project("{2150E333-8FDC-42A3-9474-1A3956D46DE8}") = "WorkGiverDef", "WorkGiverDef", "{21D6C714-6420-4B5A-B4B3-A8485B929C58}"
	ProjectSection(SolutionItems) = preProject
		Languages\Portuguese\DefInjected\WorkGiverDef\TranslateWorkGiver.xml = Languages\Portuguese\DefInjected\WorkGiverDef\TranslateWorkGiver.xml
	EndProjectSection
EndProject
Project("{2150E333-8FDC-42A3-9474-1A3956D46DE8}") = "WorkTypeDef", "WorkTypeDef", "{F13895E5-9DF0-40BF-98E9-66EF903EFBA3}"
	ProjectSection(SolutionItems) = preProject
		Languages\Portuguese\DefInjected\WorkTypeDef\TranslateWorkType.xml = Languages\Portuguese\DefInjected\WorkTypeDef\TranslateWorkType.xml
	EndProjectSection
EndProject
Project("{2150E333-8FDC-42A3-9474-1A3956D46DE8}") = "Keyed", "Keyed", "{F9F5FC17-6FD7-4B86-BFDC-BBDCE831DBFE}"
	ProjectSection(SolutionItems) = preProject
		Languages\Portuguese\Keyed\HumanResources_keys.xml = Languages\Portuguese\Keyed\HumanResources_keys.xml
	EndProjectSection
EndProject
Project("{2150E333-8FDC-42A3-9474-1A3956D46DE8}") = "PortugueseBrazilian", "PortugueseBrazilian", "{BF2718B6-E311-46DC-9DF0-D45C4B36E497}"
EndProject
Project("{2150E333-8FDC-42A3-9474-1A3956D46DE8}") = "DefInjected", "DefInjected", "{C79277D0-5E1E-4ECF-8609-68CE61E5B625}"
EndProject
Project("{2150E333-8FDC-42A3-9474-1A3956D46DE8}") = "JobDef", "JobDef", "{EE4A6724-5F5B-4660-8133-5A781C9EA238}"
	ProjectSection(SolutionItems) = preProject
		Languages\PortugueseBrazilian\DefInjected\JobDef\TranslateJobs.xml = Languages\PortugueseBrazilian\DefInjected\JobDef\TranslateJobs.xml
	EndProjectSection
EndProject
Project("{2150E333-8FDC-42A3-9474-1A3956D46DE8}") = "RecipeDef", "RecipeDef", "{765CBE03-2B56-4082-94BD-9AB15C780FA4}"
	ProjectSection(SolutionItems) = preProject
		Languages\PortugueseBrazilian\DefInjected\RecipeDef\TranslateRecipes.xml = Languages\PortugueseBrazilian\DefInjected\RecipeDef\TranslateRecipes.xml
	EndProjectSection
EndProject
Project("{2150E333-8FDC-42A3-9474-1A3956D46DE8}") = "RoomRoleDef", "RoomRoleDef", "{54A691DA-B7BD-41AA-9033-A2D122835878}"
	ProjectSection(SolutionItems) = preProject
		Languages\PortugueseBrazilian\DefInjected\RoomRoleDef\TranslateRooms.xml = Languages\PortugueseBrazilian\DefInjected\RoomRoleDef\TranslateRooms.xml
	EndProjectSection
EndProject
Project("{2150E333-8FDC-42A3-9474-1A3956D46DE8}") = "ScenPartDef", "ScenPartDef", "{5C23BDF7-7D3C-4F85-886E-D8289C114507}"
	ProjectSection(SolutionItems) = preProject
		Languages\PortugueseBrazilian\DefInjected\ScenPartDef\ScenParts.xml = Languages\PortugueseBrazilian\DefInjected\ScenPartDef\ScenParts.xml
	EndProjectSection
EndProject
Project("{2150E333-8FDC-42A3-9474-1A3956D46DE8}") = "StuffCategoryDef", "StuffCategoryDef", "{3BCB6A0E-5D91-43CF-B384-08B1370AFDD1}"
	ProjectSection(SolutionItems) = preProject
		Languages\PortugueseBrazilian\DefInjected\StuffCategoryDef\TranslateStuffCategories.xml = Languages\PortugueseBrazilian\DefInjected\StuffCategoryDef\TranslateStuffCategories.xml
	EndProjectSection
EndProject
Project("{2150E333-8FDC-42A3-9474-1A3956D46DE8}") = "ThingCategoryDef", "ThingCategoryDef", "{65F6ADE3-6BC7-419C-83EE-BB7022809D02}"
	ProjectSection(SolutionItems) = preProject
		Languages\PortugueseBrazilian\DefInjected\ThingCategoryDef\TranslateThingCategories.xml = Languages\PortugueseBrazilian\DefInjected\ThingCategoryDef\TranslateThingCategories.xml
	EndProjectSection
EndProject
Project("{2150E333-8FDC-42A3-9474-1A3956D46DE8}") = "ThingDef", "ThingDef", "{08A63F00-A22D-4EEC-89D9-BBCE848E06C3}"
	ProjectSection(SolutionItems) = preProject
		Languages\PortugueseBrazilian\DefInjected\ThingDef\TranslateThings.xml = Languages\PortugueseBrazilian\DefInjected\ThingDef\TranslateThings.xml
	EndProjectSection
EndProject
Project("{2150E333-8FDC-42A3-9474-1A3956D46DE8}") = "TraderKinds", "TraderKinds", "{3FC8ABD5-4EE0-4EB5-847A-3DE7A14EBDCC}"
	ProjectSection(SolutionItems) = preProject
		Languages\PortugueseBrazilian\DefInjected\TraderKinds\TranslateTraders.xml = Languages\PortugueseBrazilian\DefInjected\TraderKinds\TranslateTraders.xml
	EndProjectSection
EndProject
Project("{2150E333-8FDC-42A3-9474-1A3956D46DE8}") = "WorkGiverDef", "WorkGiverDef", "{AFABDB04-E037-4185-8F98-43692728A44F}"
	ProjectSection(SolutionItems) = preProject
		Languages\PortugueseBrazilian\DefInjected\WorkGiverDef\TranslateWorkGiver.xml = Languages\PortugueseBrazilian\DefInjected\WorkGiverDef\TranslateWorkGiver.xml
	EndProjectSection
EndProject
Project("{2150E333-8FDC-42A3-9474-1A3956D46DE8}") = "WorkTypeDef", "WorkTypeDef", "{620CFAC1-38A0-49B5-A808-C42317B816A2}"
	ProjectSection(SolutionItems) = preProject
		Languages\PortugueseBrazilian\DefInjected\WorkTypeDef\TranslateWorkType.xml = Languages\PortugueseBrazilian\DefInjected\WorkTypeDef\TranslateWorkType.xml
	EndProjectSection
EndProject
Project("{2150E333-8FDC-42A3-9474-1A3956D46DE8}") = "Keyed", "Keyed", "{074C9151-03BF-4684-8D73-7A6CE7CA2BC1}"
	ProjectSection(SolutionItems) = preProject
		Languages\PortugueseBrazilian\Keyed\HumanResources_keys.xml = Languages\PortugueseBrazilian\Keyed\HumanResources_keys.xml
	EndProjectSection
EndProject
Project("{2150E333-8FDC-42A3-9474-1A3956D46DE8}") = "Russian", "Russian", "{70A40F66-0D3F-4BA2-B37A-AA019993295E}"
EndProject
Project("{2150E333-8FDC-42A3-9474-1A3956D46DE8}") = "DefInjected", "DefInjected", "{A5746C9E-E364-43F6-8963-9150A791657B}"
EndProject
Project("{2150E333-8FDC-42A3-9474-1A3956D46DE8}") = "JobDef", "JobDef", "{14C07F19-5621-4690-BD67-85C5950F291B}"
	ProjectSection(SolutionItems) = preProject
		Languages\Russian\DefInjected\JobDef\Jobs.xml = Languages\Russian\DefInjected\JobDef\Jobs.xml
	EndProjectSection
EndProject
Project("{2150E333-8FDC-42A3-9474-1A3956D46DE8}") = "RecipeDef", "RecipeDef", "{3D3CD81C-8791-442B-8CA5-9AF6EF333529}"
	ProjectSection(SolutionItems) = preProject
		Languages\Russian\DefInjected\RecipeDef\Recipes.xml = Languages\Russian\DefInjected\RecipeDef\Recipes.xml
	EndProjectSection
EndProject
Project("{2150E333-8FDC-42A3-9474-1A3956D46DE8}") = "RoomRoleDef", "RoomRoleDef", "{9D11476D-59BB-44B5-B2AC-FF5C01DB3982}"
	ProjectSection(SolutionItems) = preProject
		Languages\Russian\DefInjected\RoomRoleDef\Rooms.xml = Languages\Russian\DefInjected\RoomRoleDef\Rooms.xml
	EndProjectSection
EndProject
Project("{2150E333-8FDC-42A3-9474-1A3956D46DE8}") = "ScenPartDef", "ScenPartDef", "{A65CCF6D-8E83-4D7F-9188-BD55AB6118F9}"
	ProjectSection(SolutionItems) = preProject
		Languages\Russian\DefInjected\ScenPartDef\ScenParts.xml = Languages\Russian\DefInjected\ScenPartDef\ScenParts.xml
	EndProjectSection
EndProject
Project("{2150E333-8FDC-42A3-9474-1A3956D46DE8}") = "StuffCategoryDef", "StuffCategoryDef", "{65CEECDA-50C3-41EC-9F63-2BD3C7C76232}"
	ProjectSection(SolutionItems) = preProject
		Languages\Russian\DefInjected\StuffCategoryDef\StuffCategories.xml = Languages\Russian\DefInjected\StuffCategoryDef\StuffCategories.xml
	EndProjectSection
EndProject
Project("{2150E333-8FDC-42A3-9474-1A3956D46DE8}") = "ThingCategoryDef", "ThingCategoryDef", "{6BAD1369-C330-4B80-9449-146982547CA8}"
	ProjectSection(SolutionItems) = preProject
		Languages\Russian\DefInjected\ThingCategoryDef\ThingCategories.xml = Languages\Russian\DefInjected\ThingCategoryDef\ThingCategories.xml
	EndProjectSection
EndProject
Project("{2150E333-8FDC-42A3-9474-1A3956D46DE8}") = "ThingDef", "ThingDef", "{2787D94D-978E-406E-9C6D-AC270F2ADB5C}"
	ProjectSection(SolutionItems) = preProject
		Languages\Russian\DefInjected\ThingDef\Things.xml = Languages\Russian\DefInjected\ThingDef\Things.xml
	EndProjectSection
EndProject
Project("{2150E333-8FDC-42A3-9474-1A3956D46DE8}") = "TraderKindDef", "TraderKindDef", "{D649F597-1A25-447D-AA2D-8006D06DF797}"
	ProjectSection(SolutionItems) = preProject
		Languages\Russian\DefInjected\TraderKindDef\TraderKinds.xml = Languages\Russian\DefInjected\TraderKindDef\TraderKinds.xml
	EndProjectSection
EndProject
Project("{2150E333-8FDC-42A3-9474-1A3956D46DE8}") = "WorkGiverDef", "WorkGiverDef", "{B665B8C7-600D-44A7-884A-FDE7E1069B97}"
	ProjectSection(SolutionItems) = preProject
		Languages\Russian\DefInjected\WorkGiverDef\WorkGivers.xml = Languages\Russian\DefInjected\WorkGiverDef\WorkGivers.xml
	EndProjectSection
EndProject
Project("{2150E333-8FDC-42A3-9474-1A3956D46DE8}") = "WorkTypeDef", "WorkTypeDef", "{F5CB9120-564E-464C-B11A-891A5BD9CC29}"
	ProjectSection(SolutionItems) = preProject
		Languages\Russian\DefInjected\WorkTypeDef\WorkTypes.xml = Languages\Russian\DefInjected\WorkTypeDef\WorkTypes.xml
	EndProjectSection
EndProject
Project("{2150E333-8FDC-42A3-9474-1A3956D46DE8}") = "Keyed", "Keyed", "{5FDE203C-D8D4-409C-87C9-03D4C7173788}"
	ProjectSection(SolutionItems) = preProject
		Languages\Russian\Keyed\HumanResources_keys.xml = Languages\Russian\Keyed\HumanResources_keys.xml
	EndProjectSection
EndProject
Project("{2150E333-8FDC-42A3-9474-1A3956D46DE8}") = "Patches", "Patches", "{3371D14E-3D2F-4229-9809-B0594F29FF8D}"
	ProjectSection(SolutionItems) = preProject
		Patches\Patches.xml = Patches\Patches.xml
		Patches\Patches_AdeptusMechanicus.xml = Patches\Patches_AdeptusMechanicus.xml
		Patches\Patches_BabyAndChildren.xml = Patches\Patches_BabyAndChildren.xml
		Patches\Patches_Borderlands.xml = Patches\Patches_Borderlands.xml
		Patches\Patches_ChildrenSchoolAndLearning.xml = Patches\Patches_ChildrenSchoolAndLearning.xml
		Patches\Patches_MedievalPatches.xml = Patches\Patches_MedievalPatches.xml
		Patches\Patches_Pawnmorpher.xml = Patches\Patches_Pawnmorpher.xml
		Patches\Patches_Polarisbloc.xml = Patches\Patches_Polarisbloc.xml
		Patches\Patches_RimmuNation.xml = Patches\Patches_RimmuNation.xml
		Patches\Patches_Rimsenal.xml = Patches\Patches_Rimsenal.xml
		Patches\Patches_Stargate.xml = Patches\Patches_Stargate.xml
		Patches\Patches_VFE-Insectoid.xml = Patches\Patches_VFE-Insectoid.xml
		Patches\Patches_VFE-Medieval.xml = Patches\Patches_VFE-Medieval.xml
		Patches\Patches_VFE-Settlers.xml = Patches\Patches_VFE-Settlers.xml
		Patches\Patches_VFE-Vikings.xml = Patches\Patches_VFE-Vikings.xml
		Patches\Patches_WeaponTech.xml = Patches\Patches_WeaponTech.xml
		Patches\Patches_ZARS.xml = Patches\Patches_ZARS.xml
	EndProjectSection
EndProject
Project("{2150E333-8FDC-42A3-9474-1A3956D46DE8}") = "Defs", "Defs", "{3BA239D3-13FE-4E73-8CCC-70F14E17C611}"
	ProjectSection(SolutionItems) = preProject
		Defs\Jobs.xml = Defs\Jobs.xml
		Defs\JoyGivers.xml = Defs\JoyGivers.xml
		Defs\Recipes.xml = Defs\Recipes.xml
		Defs\Rooms.xml = Defs\Rooms.xml
		Defs\ScenParts.xml = Defs\ScenParts.xml
		Defs\StuffCategories.xml = Defs\StuffCategories.xml
		Defs\ThingCategories.xml = Defs\ThingCategories.xml
		Defs\Things.xml = Defs\Things.xml
		Defs\Things_TechLevelSeparation.xml = Defs\Things_TechLevelSeparation.xml
		Defs\Things_WeaponExemptions.xml = Defs\Things_WeaponExemptions.xml
		Defs\TraderKinds.xml = Defs\TraderKinds.xml
		Defs\WorkGivers.xml = Defs\WorkGivers.xml
		Defs\WorkTypes.xml = Defs\WorkTypes.xml
	EndProjectSection
EndProject
Project("{2150E333-8FDC-42A3-9474-1A3956D46DE8}") = "Textures", "Textures", "{91F8C667-F56E-4EDA-B871-9A1E5FAB59B7}"
EndProject
Project("{2150E333-8FDC-42A3-9474-1A3956D46DE8}") = "Things", "Things", "{8C6D647A-0CB4-490A-A82E-87AC886E0518}"
EndProject
Project("{2150E333-8FDC-42A3-9474-1A3956D46DE8}") = "Building", "Building", "{F293C052-2089-4841-818D-426D6EB7F847}"
	ProjectSection(SolutionItems) = preProject
		Textures\Things\Building\BookShelf_east.png = Textures\Things\Building\BookShelf_east.png
		Textures\Things\Building\BookShelf_eastm.png = Textures\Things\Building\BookShelf_eastm.png
		Textures\Things\Building\BookShelf_north.png = Textures\Things\Building\BookShelf_north.png
		Textures\Things\Building\BookShelf_northm.png = Textures\Things\Building\BookShelf_northm.png
		Textures\Things\Building\BookShelf_south.png = Textures\Things\Building\BookShelf_south.png
		Textures\Things\Building\BookShelf_southm.png = Textures\Things\Building\BookShelf_southm.png
		Textures\Things\Building\BookShelfEmpty_east.png = Textures\Things\Building\BookShelfEmpty_east.png
		Textures\Things\Building\BookShelfEmpty_eastm.png = Textures\Things\Building\BookShelfEmpty_eastm.png
		Textures\Things\Building\BookShelfEmpty_north.png = Textures\Things\Building\BookShelfEmpty_north.png
		Textures\Things\Building\BookShelfEmpty_northm.png = Textures\Things\Building\BookShelfEmpty_northm.png
		Textures\Things\Building\BookShelfEmpty_south.png = Textures\Things\Building\BookShelfEmpty_south.png
		Textures\Things\Building\BookShelfEmpty_southm.png = Textures\Things\Building\BookShelfEmpty_southm.png
		Textures\Things\Building\BookShelfSparse_east.png = Textures\Things\Building\BookShelfSparse_east.png
		Textures\Things\Building\BookShelfSparse_eastm.png = Textures\Things\Building\BookShelfSparse_eastm.png
		Textures\Things\Building\BookShelfSparse_north.png = Textures\Things\Building\BookShelfSparse_north.png
		Textures\Things\Building\BookShelfSparse_northm.png = Textures\Things\Building\BookShelfSparse_northm.png
		Textures\Things\Building\BookShelfSparse_south.png = Textures\Things\Building\BookShelfSparse_south.png
		Textures\Things\Building\BookShelfSparse_southm.png = Textures\Things\Building\BookShelfSparse_southm.png
		Textures\Things\Building\MrDummy_east.png = Textures\Things\Building\MrDummy_east.png
		Textures\Things\Building\MrDummy_north.png = Textures\Things\Building\MrDummy_north.png
		Textures\Things\Building\MrDummy_south.png = Textures\Things\Building\MrDummy_south.png
		Textures\Things\Building\NetworkServer.png = Textures\Things\Building\NetworkServer.png
		Textures\Things\Building\NetworkServerEmpty.png = Textures\Things\Building\NetworkServerEmpty.png
		Textures\Things\Building\NetworkServerEmptym.png = Textures\Things\Building\NetworkServerEmptym.png
		Textures\Things\Building\NetworkServerm.png = Textures\Things\Building\NetworkServerm.png
		Textures\Things\Building\NetworkServerSparse.png = Textures\Things\Building\NetworkServerSparse.png
		Textures\Things\Building\NetworkServerSparsem.png = Textures\Things\Building\NetworkServerSparsem.png
		Textures\Things\Building\NetworkTerminal_east.png = Textures\Things\Building\NetworkTerminal_east.png
		Textures\Things\Building\NetworkTerminal_eastm.png = Textures\Things\Building\NetworkTerminal_eastm.png
		Textures\Things\Building\NetworkTerminal_north.png = Textures\Things\Building\NetworkTerminal_north.png
		Textures\Things\Building\NetworkTerminal_northm.png = Textures\Things\Building\NetworkTerminal_northm.png
		Textures\Things\Building\NetworkTerminal_south.png = Textures\Things\Building\NetworkTerminal_south.png
		Textures\Things\Building\NetworkTerminal_southm.png = Textures\Things\Building\NetworkTerminal_southm.png
		Textures\Things\Building\NetworkTerminal_west.png = Textures\Things\Building\NetworkTerminal_west.png
		Textures\Things\Building\NetworkTerminal_westm.png = Textures\Things\Building\NetworkTerminal_westm.png
		Textures\Things\Building\ResearchBenchHiTech_east.png = Textures\Things\Building\ResearchBenchHiTech_east.png
		Textures\Things\Building\ResearchBenchHiTech_eastm.png = Textures\Things\Building\ResearchBenchHiTech_eastm.png
		Textures\Things\Building\ResearchBenchHiTech_north.png = Textures\Things\Building\ResearchBenchHiTech_north.png
		Textures\Things\Building\ResearchBenchHiTech_northm.png = Textures\Things\Building\ResearchBenchHiTech_northm.png
		Textures\Things\Building\ResearchBenchHiTech_south.png = Textures\Things\Building\ResearchBenchHiTech_south.png
		Textures\Things\Building\ResearchBenchHiTech_southm.png = Textures\Things\Building\ResearchBenchHiTech_southm.png
		Textures\Things\Building\ResearchBenchSimple_east.png = Textures\Things\Building\ResearchBenchSimple_east.png
		Textures\Things\Building\ResearchBenchSimple_eastm.png = Textures\Things\Building\ResearchBenchSimple_eastm.png
		Textures\Things\Building\ResearchBenchSimple_north.png = Textures\Things\Building\ResearchBenchSimple_north.png
		Textures\Things\Building\ResearchBenchSimple_northm.png = Textures\Things\Building\ResearchBenchSimple_northm.png
		Textures\Things\Building\ResearchBenchSimple_south.png = Textures\Things\Building\ResearchBenchSimple_south.png
		Textures\Things\Building\ResearchBenchSimple_southm.png = Textures\Things\Building\ResearchBenchSimple_southm.png
		Textures\Things\Building\StudyDesk_east.png = Textures\Things\Building\StudyDesk_east.png
		Textures\Things\Building\StudyDesk_eastm.png = Textures\Things\Building\StudyDesk_eastm.png
		Textures\Things\Building\StudyDesk_north.png = Textures\Things\Building\StudyDesk_north.png
		Textures\Things\Building\StudyDesk_northm.png = Textures\Things\Building\StudyDesk_northm.png
		Textures\Things\Building\StudyDesk_south.png = Textures\Things\Building\StudyDesk_south.png
		Textures\Things\Building\StudyDesk_southm.png = Textures\Things\Building\StudyDesk_southm.png
		Textures\Things\Building\Target_east.png = Textures\Things\Building\Target_east.png
		Textures\Things\Building\Target_eastm.png = Textures\Things\Building\Target_eastm.png
		Textures\Things\Building\Target_MenuIcon.png = Textures\Things\Building\Target_MenuIcon.png
		Textures\Things\Building\Target_north.png = Textures\Things\Building\Target_north.png
		Textures\Things\Building\Target_northm.png = Textures\Things\Building\Target_northm.png
		Textures\Things\Building\Target_south.png = Textures\Things\Building\Target_south.png
		Textures\Things\Building\Target_southm.png = Textures\Things\Building\Target_southm.png
	EndProjectSection
EndProject
Project("{2150E333-8FDC-42A3-9474-1A3956D46DE8}") = "Item", "Item", "{15167719-DFD9-4367-A989-6F38434CA6BE}"
	ProjectSection(SolutionItems) = preProject
		Textures\Things\Item\book.png = Textures\Things\Item\book.png
		Textures\Things\Item\book_m.png = Textures\Things\Item\book_m.png
		Textures\Things\Item\drive.png = Textures\Things\Item\drive.png
		Textures\Things\Item\drive_m.png = Textures\Things\Item\drive_m.png
		Textures\Things\Item\unfinishedBook.png = Textures\Things\Item\unfinishedBook.png
		Textures\Things\Item\unfinishedBook_m.png = Textures\Things\Item\unfinishedBook_m.png
	EndProjectSection
EndProject
Project("{2150E333-8FDC-42A3-9474-1A3956D46DE8}") = "UI", "UI", "{F80C419B-29EA-4987-B874-EB0B4BE2CC84}"
	ProjectSection(SolutionItems) = preProject
		Textures\UI\assignment.png = Textures\UI\assignment.png
		Textures\UI\available.png = Textures\UI\available.png
		Textures\UI\clearAssignments.png = Textures\UI\clearAssignments.png
		Textures\UI\cloud.png = Textures\UI\cloud.png
		Textures\UI\commomWeapons.png = Textures\UI\commomWeapons.png
		Textures\UI\compact.png = Textures\UI\compact.png
		Textures\UI\dot.png = Textures\UI\dot.png
		Textures\UI\expand_left.png = Textures\UI\expand_left.png
		Textures\UI\expand_right.png = Textures\UI\expand_right.png
		Textures\UI\melee.png = Textures\UI\melee.png
		Textures\UI\ranged.png = Textures\UI\ranged.png
		Textures\UI\read.png = Textures\UI\read.png
		Textures\UI\research.png = Textures\UI\research.png
		Textures\UI\skills.png = Textures\UI\skills.png
		Textures\UI\write.png = Textures\UI\write.png
	EndProjectSection
EndProject
Global
	GlobalSection(SolutionConfigurationPlatforms) = preSolution
		1.1|Any CPU = 1.1|Any CPU
		Debug|Any CPU = Debug|Any CPU
		Release|Any CPU = Release|Any CPU
	EndGlobalSection
	GlobalSection(ProjectConfigurationPlatforms) = postSolution
		{36A3E364-2E2B-401C-9E79-3909DEBE07D0}.1.1|Any CPU.ActiveCfg = 1.1|Any CPU
		{36A3E364-2E2B-401C-9E79-3909DEBE07D0}.1.1|Any CPU.Build.0 = 1.1|Any CPU
		{36A3E364-2E2B-401C-9E79-3909DEBE07D0}.Debug|Any CPU.ActiveCfg = Debug|Any CPU
		{36A3E364-2E2B-401C-9E79-3909DEBE07D0}.Debug|Any CPU.Build.0 = Debug|Any CPU
		{36A3E364-2E2B-401C-9E79-3909DEBE07D0}.Release|Any CPU.ActiveCfg = Release|Any CPU
		{36A3E364-2E2B-401C-9E79-3909DEBE07D0}.Release|Any CPU.Build.0 = Release|Any CPU
	EndGlobalSection
	GlobalSection(SolutionProperties) = preSolution
		HideSolutionNode = FALSE
	EndGlobalSection
	GlobalSection(NestedProjects) = preSolution
		{E3F5BEEB-213E-46D8-9C6A-5B75D2C132CD} = {85441F37-161D-46B6-9A2D-7950A3262593}
		{669EDEB4-B3B8-43C0-B4B2-14BE51FE89AF} = {E3F5BEEB-213E-46D8-9C6A-5B75D2C132CD}
		{0548AFF0-ED44-48E8-BDF1-F58519193A15} = {669EDEB4-B3B8-43C0-B4B2-14BE51FE89AF}
		{DEA4C187-BC93-48C2-A36B-8E2AF1BFCDD3} = {669EDEB4-B3B8-43C0-B4B2-14BE51FE89AF}
		{A82351DC-FC97-4D88-8360-66FFB72F7657} = {669EDEB4-B3B8-43C0-B4B2-14BE51FE89AF}
		{BE68889A-B24E-40C8-8721-86A6703A8870} = {669EDEB4-B3B8-43C0-B4B2-14BE51FE89AF}
		{39786075-4C32-4F06-B1FA-54F075BB0D1B} = {669EDEB4-B3B8-43C0-B4B2-14BE51FE89AF}
		{84BEB25C-C21C-4403-BE09-93C9112363A9} = {669EDEB4-B3B8-43C0-B4B2-14BE51FE89AF}
		{9F0E036E-B15F-4769-B1F8-A6561442BF5D} = {669EDEB4-B3B8-43C0-B4B2-14BE51FE89AF}
		{EC855132-748D-4F72-9FA0-A5296E35C801} = {669EDEB4-B3B8-43C0-B4B2-14BE51FE89AF}
		{43CF2F94-4B9B-4AB9-8FF1-1BA8F4269C8C} = {669EDEB4-B3B8-43C0-B4B2-14BE51FE89AF}
		{C6F6A9B1-F4B3-4BA8-A4A5-5ECADA7D196D} = {669EDEB4-B3B8-43C0-B4B2-14BE51FE89AF}
		{672AEC2E-618D-4782-A4F5-FC6D0E3C3879} = {E3F5BEEB-213E-46D8-9C6A-5B75D2C132CD}
		{6AC278D7-9A6A-4C92-A109-D0FEA84A0FF8} = {85441F37-161D-46B6-9A2D-7950A3262593}
		{1CEFE7FE-57D8-40CB-BF81-F0F9E988144B} = {6AC278D7-9A6A-4C92-A109-D0FEA84A0FF8}
		{BB4361C9-C401-44DC-9D5A-7285E8B669B8} = {1CEFE7FE-57D8-40CB-BF81-F0F9E988144B}
		{625B3A07-503D-4741-A2F1-D0CC971BCEF1} = {1CEFE7FE-57D8-40CB-BF81-F0F9E988144B}
		{75769B23-EF77-4B01-80E0-572580DE9253} = {1CEFE7FE-57D8-40CB-BF81-F0F9E988144B}
		{73F4C19F-8E3E-4D89-883A-3EBCBD63F212} = {1CEFE7FE-57D8-40CB-BF81-F0F9E988144B}
		{469F9C15-52FF-4C41-AAC2-3EBA1A0FA72F} = {1CEFE7FE-57D8-40CB-BF81-F0F9E988144B}
		{8D4A4583-4788-474C-929E-E9AEAC849315} = {1CEFE7FE-57D8-40CB-BF81-F0F9E988144B}
		{00E9B254-C01A-46C7-A101-6D53B5C6E48B} = {1CEFE7FE-57D8-40CB-BF81-F0F9E988144B}
		{D69B069F-6340-4461-B584-01F21CB0A11D} = {1CEFE7FE-57D8-40CB-BF81-F0F9E988144B}
		{CCE9C63B-F72F-4D9D-80F4-378090E3A8FE} = {1CEFE7FE-57D8-40CB-BF81-F0F9E988144B}
		{1EA80F21-6679-44BD-B9A9-BDEBD42BCA4C} = {1CEFE7FE-57D8-40CB-BF81-F0F9E988144B}
		{3BD4EFAB-5DA3-4A32-A6CD-DC24E9F99F8F} = {6AC278D7-9A6A-4C92-A109-D0FEA84A0FF8}
		{ED1BF476-A7E9-4BE4-8AC1-566B4008DE33} = {85441F37-161D-46B6-9A2D-7950A3262593}
		{A4141D98-0F8F-49BA-914F-2E407E024784} = {ED1BF476-A7E9-4BE4-8AC1-566B4008DE33}
		{72A36C39-A441-4F15-BACE-EB8228F29221} = {85441F37-161D-46B6-9A2D-7950A3262593}
		{96F93E09-4574-44BB-B3BB-3A5159B7F8FB} = {72A36C39-A441-4F15-BACE-EB8228F29221}
		{2A35B111-89B7-4EF1-AFAC-77E94639AD33} = {96F93E09-4574-44BB-B3BB-3A5159B7F8FB}
		{AF3C21E1-C785-4ECE-B195-23925C12E617} = {96F93E09-4574-44BB-B3BB-3A5159B7F8FB}
		{7208B661-21C4-4913-8F64-254226E27420} = {96F93E09-4574-44BB-B3BB-3A5159B7F8FB}
		{9A3F8E99-9D32-4EE5-AFE8-42AC62837D38} = {96F93E09-4574-44BB-B3BB-3A5159B7F8FB}
		{8E1EE241-4997-4FBF-86DB-C6BFACA619B7} = {96F93E09-4574-44BB-B3BB-3A5159B7F8FB}
		{D808FD04-C34D-4559-8EDB-F39F081BA747} = {96F93E09-4574-44BB-B3BB-3A5159B7F8FB}
		{6AFD6A21-1184-4FD2-BB9B-EF3C1B464169} = {96F93E09-4574-44BB-B3BB-3A5159B7F8FB}
		{0F12CFA3-A8FE-4BF1-8BB7-A95F98F3E9E5} = {96F93E09-4574-44BB-B3BB-3A5159B7F8FB}
		{ADF21472-4883-4B6E-9532-A211371366E3} = {96F93E09-4574-44BB-B3BB-3A5159B7F8FB}
		{33D13502-F14C-4A63-9184-2A1D4406FD23} = {96F93E09-4574-44BB-B3BB-3A5159B7F8FB}
		{DED185AE-666F-4E39-94BA-04649493A3BA} = {72A36C39-A441-4F15-BACE-EB8228F29221}
		{130F0E48-DFA5-460D-A380-68FE9148F03F} = {85441F37-161D-46B6-9A2D-7950A3262593}
		{235C99BB-8F8D-4D74-9723-3E0C5E880321} = {130F0E48-DFA5-460D-A380-68FE9148F03F}
		{559FED38-FE06-4001-A96F-4EA31FE0D4F9} = {235C99BB-8F8D-4D74-9723-3E0C5E880321}
		{29BEB930-3422-4632-B263-0570AD63D5A4} = {235C99BB-8F8D-4D74-9723-3E0C5E880321}
		{6B351106-A347-423C-9FBF-2CE802D97323} = {235C99BB-8F8D-4D74-9723-3E0C5E880321}
		{2EEB511D-6DEB-460D-A827-8342CCCB016F} = {235C99BB-8F8D-4D74-9723-3E0C5E880321}
		{29E2E9F2-76DD-4042-A736-09848B067BEA} = {235C99BB-8F8D-4D74-9723-3E0C5E880321}
		{D4C0D64A-319A-4EC2-9EBD-A398CA8CA70C} = {235C99BB-8F8D-4D74-9723-3E0C5E880321}
		{6356B680-D0DA-4107-97BB-50A3C6772781} = {235C99BB-8F8D-4D74-9723-3E0C5E880321}
		{C03349D3-C275-4397-A272-D361B7ECA473} = {235C99BB-8F8D-4D74-9723-3E0C5E880321}
		{743CDB72-5755-40C2-9B6D-5A021B498CEC} = {235C99BB-8F8D-4D74-9723-3E0C5E880321}
		{CD7F23A4-ACB5-42F2-9F97-CB4895041BDF} = {235C99BB-8F8D-4D74-9723-3E0C5E880321}
		{60E5C96B-3579-4786-8368-F2558EEF358C} = {130F0E48-DFA5-460D-A380-68FE9148F03F}
		{00266377-FFBA-4296-AE76-67B1055394A0} = {85441F37-161D-46B6-9A2D-7950A3262593}
		{F3A2B17B-3B9C-4ADC-9A65-0BCAD73C0CC6} = {00266377-FFBA-4296-AE76-67B1055394A0}
		{7B7DBEBE-EC26-47B2-A1A9-E5DF1CF053DD} = {F3A2B17B-3B9C-4ADC-9A65-0BCAD73C0CC6}
		{86A75BBF-7487-4F8A-B761-08C03D739BC4} = {F3A2B17B-3B9C-4ADC-9A65-0BCAD73C0CC6}
		{3DB96743-2A5F-4CA9-A480-1EFCD48E68DD} = {F3A2B17B-3B9C-4ADC-9A65-0BCAD73C0CC6}
		{27585154-9BEE-44DE-95B3-5981BF34D045} = {F3A2B17B-3B9C-4ADC-9A65-0BCAD73C0CC6}
		{6C7AA194-DB89-43DF-8273-A56817FF13D4} = {F3A2B17B-3B9C-4ADC-9A65-0BCAD73C0CC6}
		{4308ED24-06F7-459C-BA29-81017D4602D1} = {F3A2B17B-3B9C-4ADC-9A65-0BCAD73C0CC6}
		{FF7856A1-9367-45BA-819D-9DEDFFFD742D} = {F3A2B17B-3B9C-4ADC-9A65-0BCAD73C0CC6}
		{B11E8C4C-1D59-4019-A529-952D7FD8A6FB} = {F3A2B17B-3B9C-4ADC-9A65-0BCAD73C0CC6}
		{21D6C714-6420-4B5A-B4B3-A8485B929C58} = {F3A2B17B-3B9C-4ADC-9A65-0BCAD73C0CC6}
		{F13895E5-9DF0-40BF-98E9-66EF903EFBA3} = {F3A2B17B-3B9C-4ADC-9A65-0BCAD73C0CC6}
		{F9F5FC17-6FD7-4B86-BFDC-BBDCE831DBFE} = {00266377-FFBA-4296-AE76-67B1055394A0}
		{BF2718B6-E311-46DC-9DF0-D45C4B36E497} = {85441F37-161D-46B6-9A2D-7950A3262593}
		{C79277D0-5E1E-4ECF-8609-68CE61E5B625} = {BF2718B6-E311-46DC-9DF0-D45C4B36E497}
		{EE4A6724-5F5B-4660-8133-5A781C9EA238} = {C79277D0-5E1E-4ECF-8609-68CE61E5B625}
		{765CBE03-2B56-4082-94BD-9AB15C780FA4} = {C79277D0-5E1E-4ECF-8609-68CE61E5B625}
		{54A691DA-B7BD-41AA-9033-A2D122835878} = {C79277D0-5E1E-4ECF-8609-68CE61E5B625}
		{5C23BDF7-7D3C-4F85-886E-D8289C114507} = {C79277D0-5E1E-4ECF-8609-68CE61E5B625}
		{3BCB6A0E-5D91-43CF-B384-08B1370AFDD1} = {C79277D0-5E1E-4ECF-8609-68CE61E5B625}
		{65F6ADE3-6BC7-419C-83EE-BB7022809D02} = {C79277D0-5E1E-4ECF-8609-68CE61E5B625}
		{08A63F00-A22D-4EEC-89D9-BBCE848E06C3} = {C79277D0-5E1E-4ECF-8609-68CE61E5B625}
		{3FC8ABD5-4EE0-4EB5-847A-3DE7A14EBDCC} = {C79277D0-5E1E-4ECF-8609-68CE61E5B625}
		{AFABDB04-E037-4185-8F98-43692728A44F} = {C79277D0-5E1E-4ECF-8609-68CE61E5B625}
		{620CFAC1-38A0-49B5-A808-C42317B816A2} = {C79277D0-5E1E-4ECF-8609-68CE61E5B625}
		{074C9151-03BF-4684-8D73-7A6CE7CA2BC1} = {BF2718B6-E311-46DC-9DF0-D45C4B36E497}
		{70A40F66-0D3F-4BA2-B37A-AA019993295E} = {85441F37-161D-46B6-9A2D-7950A3262593}
		{A5746C9E-E364-43F6-8963-9150A791657B} = {70A40F66-0D3F-4BA2-B37A-AA019993295E}
		{14C07F19-5621-4690-BD67-85C5950F291B} = {A5746C9E-E364-43F6-8963-9150A791657B}
		{3D3CD81C-8791-442B-8CA5-9AF6EF333529} = {A5746C9E-E364-43F6-8963-9150A791657B}
		{9D11476D-59BB-44B5-B2AC-FF5C01DB3982} = {A5746C9E-E364-43F6-8963-9150A791657B}
		{A65CCF6D-8E83-4D7F-9188-BD55AB6118F9} = {A5746C9E-E364-43F6-8963-9150A791657B}
		{65CEECDA-50C3-41EC-9F63-2BD3C7C76232} = {A5746C9E-E364-43F6-8963-9150A791657B}
		{6BAD1369-C330-4B80-9449-146982547CA8} = {A5746C9E-E364-43F6-8963-9150A791657B}
		{2787D94D-978E-406E-9C6D-AC270F2ADB5C} = {A5746C9E-E364-43F6-8963-9150A791657B}
		{D649F597-1A25-447D-AA2D-8006D06DF797} = {A5746C9E-E364-43F6-8963-9150A791657B}
		{B665B8C7-600D-44A7-884A-FDE7E1069B97} = {A5746C9E-E364-43F6-8963-9150A791657B}
		{F5CB9120-564E-464C-B11A-891A5BD9CC29} = {A5746C9E-E364-43F6-8963-9150A791657B}
		{5FDE203C-D8D4-409C-87C9-03D4C7173788} = {70A40F66-0D3F-4BA2-B37A-AA019993295E}
		{8C6D647A-0CB4-490A-A82E-87AC886E0518} = {91F8C667-F56E-4EDA-B871-9A1E5FAB59B7}
		{F293C052-2089-4841-818D-426D6EB7F847} = {8C6D647A-0CB4-490A-A82E-87AC886E0518}
		{15167719-DFD9-4367-A989-6F38434CA6BE} = {8C6D647A-0CB4-490A-A82E-87AC886E0518}
		{F80C419B-29EA-4987-B874-EB0B4BE2CC84} = {91F8C667-F56E-4EDA-B871-9A1E5FAB59B7}
	EndGlobalSection
	GlobalSection(ExtensibilityGlobals) = postSolution
		SolutionGuid = {81CBABA7-BFEC-4F9E-B35A-9167491DE3DA}
	EndGlobalSection
EndGlobal
